
Microsoft Visual Studio Solution File, Format Version 12.00
# Visual Studio 14
VisualStudioVersion = 14.0.25420.1
MinimumVisualStudioVersion = 10.0.40219.1
Project("{FAE04EC0-301F-11D3-BF4B-00C04F79EFBC}") = "Tekcent.Forms.Buttons", "Tekcent.Forms.Buttons\Tekcent.Forms.Buttons\Tekcent.Forms.Buttons.csproj", "{17A4908D-DD5A-4146-A8D6-8E1606CB2A4F}"
EndProject
Project("{FAE04EC0-301F-11D3-BF4B-00C04F79EFBC}") = "Tekcent.Forms.Buttons.Droid", "Tekcent.Forms.Buttons\Tekcent.Forms.Buttons.Droid\Tekcent.Forms.Buttons.Droid.csproj", "{1CF0F320-3E1B-485E-976B-4D99C1A76F23}"
EndProject
Project("{FAE04EC0-301F-11D3-BF4B-00C04F79EFBC}") = "Tekcent.Forms.Buttons.iOS", "Tekcent.Forms.Buttons\Tekcent.Forms.Buttons.iOS\Tekcent.Forms.Buttons.iOS.csproj", "{2BEAAB3D-CD00-4D3D-9A8D-DFC7350B70D2}"
EndProject
Project("{FAE04EC0-301F-11D3-BF4B-00C04F79EFBC}") = "Tekcent.Forms.Buttons.WinPhone", "Tekcent.Forms.Buttons\Tekcent.Forms.Buttons.WinPhone\Tekcent.Forms.Buttons.WinPhone.csproj", "{EB5C55C7-D41E-491E-80D0-320248A600E3}"
EndProject
Project("{FAE04EC0-301F-11D3-BF4B-00C04F79EFBC}") = "Tekcent.Forms.Buttons.Windows", "Tekcent.Forms.Buttons\Tekcent.Forms.Buttons.Windows\Tekcent.Forms.Buttons.Windows.csproj", "{EDDE9628-B381-4212-A82A-AF87AFA5FA6A}"
EndProject
Global
	GlobalSection(SolutionConfigurationPlatforms) = preSolution
		Ad-Hoc|Any CPU = Ad-Hoc|Any CPU
		Ad-Hoc|ARM = Ad-Hoc|ARM
		Ad-Hoc|iPhone = Ad-Hoc|iPhone
		Ad-Hoc|iPhoneSimulator = Ad-Hoc|iPhoneSimulator
		Ad-Hoc|x64 = Ad-Hoc|x64
		Ad-Hoc|x86 = Ad-Hoc|x86
		AppStore|Any CPU = AppStore|Any CPU
		AppStore|ARM = AppStore|ARM
		AppStore|iPhone = AppStore|iPhone
		AppStore|iPhoneSimulator = AppStore|iPhoneSimulator
		AppStore|x64 = AppStore|x64
		AppStore|x86 = AppStore|x86
		Debug|Any CPU = Debug|Any CPU
		Debug|ARM = Debug|ARM
		Debug|iPhone = Debug|iPhone
		Debug|iPhoneSimulator = Debug|iPhoneSimulator
		Debug|x64 = Debug|x64
		Debug|x86 = Debug|x86
		Release|Any CPU = Release|Any CPU
		Release|ARM = Release|ARM
		Release|iPhone = Release|iPhone
		Release|iPhoneSimulator = Release|iPhoneSimulator
		Release|x64 = Release|x64
		Release|x86 = Release|x86
	EndGlobalSection
	GlobalSection(ProjectConfigurationPlatforms) = postSolution
		{17A4908D-DD5A-4146-A8D6-8E1606CB2A4F}.Ad-Hoc|Any CPU.ActiveCfg = Release|Any CPU
		{17A4908D-DD5A-4146-A8D6-8E1606CB2A4F}.Ad-Hoc|Any CPU.Build.0 = Release|Any CPU
		{17A4908D-DD5A-4146-A8D6-8E1606CB2A4F}.Ad-Hoc|ARM.ActiveCfg = Release|Any CPU
		{17A4908D-DD5A-4146-A8D6-8E1606CB2A4F}.Ad-Hoc|ARM.Build.0 = Release|Any CPU
		{17A4908D-DD5A-4146-A8D6-8E1606CB2A4F}.Ad-Hoc|iPhone.ActiveCfg = Release|Any CPU
		{17A4908D-DD5A-4146-A8D6-8E1606CB2A4F}.Ad-Hoc|iPhone.Build.0 = Release|Any CPU
		{17A4908D-DD5A-4146-A8D6-8E1606CB2A4F}.Ad-Hoc|iPhoneSimulator.ActiveCfg = Release|Any CPU
		{17A4908D-DD5A-4146-A8D6-8E1606CB2A4F}.Ad-Hoc|iPhoneSimulator.Build.0 = Release|Any CPU
		{17A4908D-DD5A-4146-A8D6-8E1606CB2A4F}.Ad-Hoc|x64.ActiveCfg = Release|Any CPU
		{17A4908D-DD5A-4146-A8D6-8E1606CB2A4F}.Ad-Hoc|x64.Build.0 = Release|Any CPU
		{17A4908D-DD5A-4146-A8D6-8E1606CB2A4F}.Ad-Hoc|x86.ActiveCfg = Release|Any CPU
		{17A4908D-DD5A-4146-A8D6-8E1606CB2A4F}.Ad-Hoc|x86.Build.0 = Release|Any CPU
		{17A4908D-DD5A-4146-A8D6-8E1606CB2A4F}.AppStore|Any CPU.ActiveCfg = Release|Any CPU
		{17A4908D-DD5A-4146-A8D6-8E1606CB2A4F}.AppStore|Any CPU.Build.0 = Release|Any CPU
		{17A4908D-DD5A-4146-A8D6-8E1606CB2A4F}.AppStore|ARM.ActiveCfg = Release|Any CPU
		{17A4908D-DD5A-4146-A8D6-8E1606CB2A4F}.AppStore|ARM.Build.0 = Release|Any CPU
		{17A4908D-DD5A-4146-A8D6-8E1606CB2A4F}.AppStore|iPhone.ActiveCfg = Release|Any CPU
		{17A4908D-DD5A-4146-A8D6-8E1606CB2A4F}.AppStore|iPhone.Build.0 = Release|Any CPU
		{17A4908D-DD5A-4146-A8D6-8E1606CB2A4F}.AppStore|iPhoneSimulator.ActiveCfg = Release|Any CPU
		{17A4908D-DD5A-4146-A8D6-8E1606CB2A4F}.AppStore|iPhoneSimulator.Build.0 = Release|Any CPU
		{17A4908D-DD5A-4146-A8D6-8E1606CB2A4F}.AppStore|x64.ActiveCfg = Release|Any CPU
		{17A4908D-DD5A-4146-A8D6-8E1606CB2A4F}.AppStore|x64.Build.0 = Release|Any CPU
		{17A4908D-DD5A-4146-A8D6-8E1606CB2A4F}.AppStore|x86.ActiveCfg = Release|Any CPU
		{17A4908D-DD5A-4146-A8D6-8E1606CB2A4F}.AppStore|x86.Build.0 = Release|Any CPU
		{17A4908D-DD5A-4146-A8D6-8E1606CB2A4F}.Debug|Any CPU.ActiveCfg = Debug|Any CPU
		{17A4908D-DD5A-4146-A8D6-8E1606CB2A4F}.Debug|Any CPU.Build.0 = Debug|Any CPU
		{17A4908D-DD5A-4146-A8D6-8E1606CB2A4F}.Debug|ARM.ActiveCfg = Debug|Any CPU
		{17A4908D-DD5A-4146-A8D6-8E1606CB2A4F}.Debug|ARM.Build.0 = Debug|Any CPU
		{17A4908D-DD5A-4146-A8D6-8E1606CB2A4F}.Debug|iPhone.ActiveCfg = Debug|Any CPU
		{17A4908D-DD5A-4146-A8D6-8E1606CB2A4F}.Debug|iPhone.Build.0 = Debug|Any CPU
		{17A4908D-DD5A-4146-A8D6-8E1606CB2A4F}.Debug|iPhoneSimulator.ActiveCfg = Debug|Any CPU
		{17A4908D-DD5A-4146-A8D6-8E1606CB2A4F}.Debug|iPhoneSimulator.Build.0 = Debug|Any CPU
		{17A4908D-DD5A-4146-A8D6-8E1606CB2A4F}.Debug|x64.ActiveCfg = Debug|Any CPU
		{17A4908D-DD5A-4146-A8D6-8E1606CB2A4F}.Debug|x64.Build.0 = Debug|Any CPU
		{17A4908D-DD5A-4146-A8D6-8E1606CB2A4F}.Debug|x86.ActiveCfg = Debug|Any CPU
		{17A4908D-DD5A-4146-A8D6-8E1606CB2A4F}.Debug|x86.Build.0 = Debug|Any CPU
		{17A4908D-DD5A-4146-A8D6-8E1606CB2A4F}.Release|Any CPU.ActiveCfg = Release|Any CPU
		{17A4908D-DD5A-4146-A8D6-8E1606CB2A4F}.Release|Any CPU.Build.0 = Release|Any CPU
		{17A4908D-DD5A-4146-A8D6-8E1606CB2A4F}.Release|ARM.ActiveCfg = Release|Any CPU
		{17A4908D-DD5A-4146-A8D6-8E1606CB2A4F}.Release|ARM.Build.0 = Release|Any CPU
		{17A4908D-DD5A-4146-A8D6-8E1606CB2A4F}.Release|iPhone.ActiveCfg = Release|Any CPU
		{17A4908D-DD5A-4146-A8D6-8E1606CB2A4F}.Release|iPhone.Build.0 = Release|Any CPU
		{17A4908D-DD5A-4146-A8D6-8E1606CB2A4F}.Release|iPhoneSimulator.ActiveCfg = Release|Any CPU
		{17A4908D-DD5A-4146-A8D6-8E1606CB2A4F}.Release|iPhoneSimulator.Build.0 = Release|Any CPU
		{17A4908D-DD5A-4146-A8D6-8E1606CB2A4F}.Release|x64.ActiveCfg = Release|Any CPU
		{17A4908D-DD5A-4146-A8D6-8E1606CB2A4F}.Release|x64.Build.0 = Release|Any CPU
		{17A4908D-DD5A-4146-A8D6-8E1606CB2A4F}.Release|x86.ActiveCfg = Release|Any CPU
		{17A4908D-DD5A-4146-A8D6-8E1606CB2A4F}.Release|x86.Build.0 = Release|Any CPU
		{1CF0F320-3E1B-485E-976B-4D99C1A76F23}.Ad-Hoc|Any CPU.ActiveCfg = Release|Any CPU
		{1CF0F320-3E1B-485E-976B-4D99C1A76F23}.Ad-Hoc|Any CPU.Build.0 = Release|Any CPU
		{1CF0F320-3E1B-485E-976B-4D99C1A76F23}.Ad-Hoc|Any CPU.Deploy.0 = Release|Any CPU
		{1CF0F320-3E1B-485E-976B-4D99C1A76F23}.Ad-Hoc|ARM.ActiveCfg = Release|Any CPU
		{1CF0F320-3E1B-485E-976B-4D99C1A76F23}.Ad-Hoc|ARM.Build.0 = Release|Any CPU
		{1CF0F320-3E1B-485E-976B-4D99C1A76F23}.Ad-Hoc|ARM.Deploy.0 = Release|Any CPU
		{1CF0F320-3E1B-485E-976B-4D99C1A76F23}.Ad-Hoc|iPhone.ActiveCfg = Release|Any CPU
		{1CF0F320-3E1B-485E-976B-4D99C1A76F23}.Ad-Hoc|iPhone.Build.0 = Release|Any CPU
		{1CF0F320-3E1B-485E-976B-4D99C1A76F23}.Ad-Hoc|iPhone.Deploy.0 = Release|Any CPU
		{1CF0F320-3E1B-485E-976B-4D99C1A76F23}.Ad-Hoc|iPhoneSimulator.ActiveCfg = Release|Any CPU
		{1CF0F320-3E1B-485E-976B-4D99C1A76F23}.Ad-Hoc|iPhoneSimulator.Build.0 = Release|Any CPU
		{1CF0F320-3E1B-485E-976B-4D99C1A76F23}.Ad-Hoc|iPhoneSimulator.Deploy.0 = Release|Any CPU
		{1CF0F320-3E1B-485E-976B-4D99C1A76F23}.Ad-Hoc|x64.ActiveCfg = Release|Any CPU
		{1CF0F320-3E1B-485E-976B-4D99C1A76F23}.Ad-Hoc|x64.Build.0 = Release|Any CPU
		{1CF0F320-3E1B-485E-976B-4D99C1A76F23}.Ad-Hoc|x64.Deploy.0 = Release|Any CPU
		{1CF0F320-3E1B-485E-976B-4D99C1A76F23}.Ad-Hoc|x86.ActiveCfg = Release|Any CPU
		{1CF0F320-3E1B-485E-976B-4D99C1A76F23}.Ad-Hoc|x86.Build.0 = Release|Any CPU
		{1CF0F320-3E1B-485E-976B-4D99C1A76F23}.Ad-Hoc|x86.Deploy.0 = Release|Any CPU
		{1CF0F320-3E1B-485E-976B-4D99C1A76F23}.AppStore|Any CPU.ActiveCfg = Release|Any CPU
		{1CF0F320-3E1B-485E-976B-4D99C1A76F23}.AppStore|Any CPU.Build.0 = Release|Any CPU
		{1CF0F320-3E1B-485E-976B-4D99C1A76F23}.AppStore|Any CPU.Deploy.0 = Release|Any CPU
		{1CF0F320-3E1B-485E-976B-4D99C1A76F23}.AppStore|ARM.ActiveCfg = Release|Any CPU
		{1CF0F320-3E1B-485E-976B-4D99C1A76F23}.AppStore|ARM.Build.0 = Release|Any CPU
		{1CF0F320-3E1B-485E-976B-4D99C1A76F23}.AppStore|ARM.Deploy.0 = Release|Any CPU
		{1CF0F320-3E1B-485E-976B-4D99C1A76F23}.AppStore|iPhone.ActiveCfg = Release|Any CPU
		{1CF0F320-3E1B-485E-976B-4D99C1A76F23}.AppStore|iPhone.Build.0 = Release|Any CPU
		{1CF0F320-3E1B-485E-976B-4D99C1A76F23}.AppStore|iPhone.Deploy.0 = Release|Any CPU
		{1CF0F320-3E1B-485E-976B-4D99C1A76F23}.AppStore|iPhoneSimulator.ActiveCfg = Release|Any CPU
		{1CF0F320-3E1B-485E-976B-4D99C1A76F23}.AppStore|iPhoneSimulator.Build.0 = Release|Any CPU
		{1CF0F320-3E1B-485E-976B-4D99C1A76F23}.AppStore|iPhoneSimulator.Deploy.0 = Release|Any CPU
		{1CF0F320-3E1B-485E-976B-4D99C1A76F23}.AppStore|x64.ActiveCfg = Release|Any CPU
		{1CF0F320-3E1B-485E-976B-4D99C1A76F23}.AppStore|x64.Build.0 = Release|Any CPU
		{1CF0F320-3E1B-485E-976B-4D99C1A76F23}.AppStore|x64.Deploy.0 = Release|Any CPU
		{1CF0F320-3E1B-485E-976B-4D99C1A76F23}.AppStore|x86.ActiveCfg = Release|Any CPU
		{1CF0F320-3E1B-485E-976B-4D99C1A76F23}.AppStore|x86.Build.0 = Release|Any CPU
		{1CF0F320-3E1B-485E-976B-4D99C1A76F23}.AppStore|x86.Deploy.0 = Release|Any CPU
		{1CF0F320-3E1B-485E-976B-4D99C1A76F23}.Debug|Any CPU.ActiveCfg = Debug|Any CPU
		{1CF0F320-3E1B-485E-976B-4D99C1A76F23}.Debug|Any CPU.Build.0 = Debug|Any CPU
		{1CF0F320-3E1B-485E-976B-4D99C1A76F23}.Debug|Any CPU.Deploy.0 = Debug|Any CPU
		{1CF0F320-3E1B-485E-976B-4D99C1A76F23}.Debug|ARM.ActiveCfg = Debug|Any CPU
		{1CF0F320-3E1B-485E-976B-4D99C1A76F23}.Debug|ARM.Build.0 = Debug|Any CPU
		{1CF0F320-3E1B-485E-976B-4D99C1A76F23}.Debug|ARM.Deploy.0 = Debug|Any CPU
		{1CF0F320-3E1B-485E-976B-4D99C1A76F23}.Debug|iPhone.ActiveCfg = Debug|Any CPU
		{1CF0F320-3E1B-485E-976B-4D99C1A76F23}.Debug|iPhone.Build.0 = Debug|Any CPU
		{1CF0F320-3E1B-485E-976B-4D99C1A76F23}.Debug|iPhone.Deploy.0 = Debug|Any CPU
		{1CF0F320-3E1B-485E-976B-4D99C1A76F23}.Debug|iPhoneSimulator.ActiveCfg = Debug|Any CPU
		{1CF0F320-3E1B-485E-976B-4D99C1A76F23}.Debug|iPhoneSimulator.Build.0 = Debug|Any CPU
		{1CF0F320-3E1B-485E-976B-4D99C1A76F23}.Debug|iPhoneSimulator.Deploy.0 = Debug|Any CPU
		{1CF0F320-3E1B-485E-976B-4D99C1A76F23}.Debug|x64.ActiveCfg = Debug|Any CPU
		{1CF0F320-3E1B-485E-976B-4D99C1A76F23}.Debug|x64.Build.0 = Debug|Any CPU
		{1CF0F320-3E1B-485E-976B-4D99C1A76F23}.Debug|x64.Deploy.0 = Debug|Any CPU
		{1CF0F320-3E1B-485E-976B-4D99C1A76F23}.Debug|x86.ActiveCfg = Debug|Any CPU
		{1CF0F320-3E1B-485E-976B-4D99C1A76F23}.Debug|x86.Build.0 = Debug|Any CPU
		{1CF0F320-3E1B-485E-976B-4D99C1A76F23}.Debug|x86.Deploy.0 = Debug|Any CPU
		{1CF0F320-3E1B-485E-976B-4D99C1A76F23}.Release|Any CPU.ActiveCfg = Release|Any CPU
		{1CF0F320-3E1B-485E-976B-4D99C1A76F23}.Release|Any CPU.Build.0 = Release|Any CPU
		{1CF0F320-3E1B-485E-976B-4D99C1A76F23}.Release|Any CPU.Deploy.0 = Release|Any CPU
		{1CF0F320-3E1B-485E-976B-4D99C1A76F23}.Release|ARM.ActiveCfg = Release|Any CPU
		{1CF0F320-3E1B-485E-976B-4D99C1A76F23}.Release|ARM.Build.0 = Release|Any CPU
		{1CF0F320-3E1B-485E-976B-4D99C1A76F23}.Release|ARM.Deploy.0 = Release|Any CPU
		{1CF0F320-3E1B-485E-976B-4D99C1A76F23}.Release|iPhone.ActiveCfg = Release|Any CPU
		{1CF0F320-3E1B-485E-976B-4D99C1A76F23}.Release|iPhone.Build.0 = Release|Any CPU
		{1CF0F320-3E1B-485E-976B-4D99C1A76F23}.Release|iPhone.Deploy.0 = Release|Any CPU
		{1CF0F320-3E1B-485E-976B-4D99C1A76F23}.Release|iPhoneSimulator.ActiveCfg = Release|Any CPU
		{1CF0F320-3E1B-485E-976B-4D99C1A76F23}.Release|iPhoneSimulator.Build.0 = Release|Any CPU
		{1CF0F320-3E1B-485E-976B-4D99C1A76F23}.Release|iPhoneSimulator.Deploy.0 = Release|Any CPU
		{1CF0F320-3E1B-485E-976B-4D99C1A76F23}.Release|x64.ActiveCfg = Release|Any CPU
		{1CF0F320-3E1B-485E-976B-4D99C1A76F23}.Release|x64.Build.0 = Release|Any CPU
		{1CF0F320-3E1B-485E-976B-4D99C1A76F23}.Release|x64.Deploy.0 = Release|Any CPU
		{1CF0F320-3E1B-485E-976B-4D99C1A76F23}.Release|x86.ActiveCfg = Release|Any CPU
		{1CF0F320-3E1B-485E-976B-4D99C1A76F23}.Release|x86.Build.0 = Release|Any CPU
		{1CF0F320-3E1B-485E-976B-4D99C1A76F23}.Release|x86.Deploy.0 = Release|Any CPU
		{2BEAAB3D-CD00-4D3D-9A8D-DFC7350B70D2}.Ad-Hoc|Any CPU.ActiveCfg = Ad-Hoc|iPhone
		{2BEAAB3D-CD00-4D3D-9A8D-DFC7350B70D2}.Ad-Hoc|ARM.ActiveCfg = Ad-Hoc|iPhone
		{2BEAAB3D-CD00-4D3D-9A8D-DFC7350B70D2}.Ad-Hoc|iPhone.ActiveCfg = Ad-Hoc|iPhone
		{2BEAAB3D-CD00-4D3D-9A8D-DFC7350B70D2}.Ad-Hoc|iPhone.Build.0 = Ad-Hoc|iPhone
		{2BEAAB3D-CD00-4D3D-9A8D-DFC7350B70D2}.Ad-Hoc|iPhoneSimulator.ActiveCfg = Ad-Hoc|iPhoneSimulator
		{2BEAAB3D-CD00-4D3D-9A8D-DFC7350B70D2}.Ad-Hoc|iPhoneSimulator.Build.0 = Ad-Hoc|iPhoneSimulator
		{2BEAAB3D-CD00-4D3D-9A8D-DFC7350B70D2}.Ad-Hoc|x64.ActiveCfg = Ad-Hoc|iPhone
		{2BEAAB3D-CD00-4D3D-9A8D-DFC7350B70D2}.Ad-Hoc|x86.ActiveCfg = Ad-Hoc|iPhone
		{2BEAAB3D-CD00-4D3D-9A8D-DFC7350B70D2}.AppStore|Any CPU.ActiveCfg = AppStore|iPhone
		{2BEAAB3D-CD00-4D3D-9A8D-DFC7350B70D2}.AppStore|ARM.ActiveCfg = AppStore|iPhone
		{2BEAAB3D-CD00-4D3D-9A8D-DFC7350B70D2}.AppStore|iPhone.ActiveCfg = AppStore|iPhone
		{2BEAAB3D-CD00-4D3D-9A8D-DFC7350B70D2}.AppStore|iPhone.Build.0 = AppStore|iPhone
		{2BEAAB3D-CD00-4D3D-9A8D-DFC7350B70D2}.AppStore|iPhoneSimulator.ActiveCfg = AppStore|iPhoneSimulator
		{2BEAAB3D-CD00-4D3D-9A8D-DFC7350B70D2}.AppStore|iPhoneSimulator.Build.0 = AppStore|iPhoneSimulator
		{2BEAAB3D-CD00-4D3D-9A8D-DFC7350B70D2}.AppStore|x64.ActiveCfg = AppStore|iPhone
		{2BEAAB3D-CD00-4D3D-9A8D-DFC7350B70D2}.AppStore|x86.ActiveCfg = AppStore|iPhone
		{2BEAAB3D-CD00-4D3D-9A8D-DFC7350B70D2}.Debug|Any CPU.ActiveCfg = Debug|iPhone
		{2BEAAB3D-CD00-4D3D-9A8D-DFC7350B70D2}.Debug|ARM.ActiveCfg = Debug|iPhone
		{2BEAAB3D-CD00-4D3D-9A8D-DFC7350B70D2}.Debug|iPhone.ActiveCfg = Debug|iPhone
		{2BEAAB3D-CD00-4D3D-9A8D-DFC7350B70D2}.Debug|iPhone.Build.0 = Debug|iPhone
		{2BEAAB3D-CD00-4D3D-9A8D-DFC7350B70D2}.Debug|iPhoneSimulator.ActiveCfg = Debug|iPhoneSimulator
		{2BEAAB3D-CD00-4D3D-9A8D-DFC7350B70D2}.Debug|iPhoneSimulator.Build.0 = Debug|iPhoneSimulator
		{2BEAAB3D-CD00-4D3D-9A8D-DFC7350B70D2}.Debug|x64.ActiveCfg = Debug|iPhone
		{2BEAAB3D-CD00-4D3D-9A8D-DFC7350B70D2}.Debug|x86.ActiveCfg = Debug|iPhone
		{2BEAAB3D-CD00-4D3D-9A8D-DFC7350B70D2}.Release|Any CPU.ActiveCfg = Release|iPhone
		{2BEAAB3D-CD00-4D3D-9A8D-DFC7350B70D2}.Release|ARM.ActiveCfg = Release|iPhone
		{2BEAAB3D-CD00-4D3D-9A8D-DFC7350B70D2}.Release|iPhone.ActiveCfg = Release|iPhone
		{2BEAAB3D-CD00-4D3D-9A8D-DFC7350B70D2}.Release|iPhone.Build.0 = Release|iPhone
		{2BEAAB3D-CD00-4D3D-9A8D-DFC7350B70D2}.Release|iPhoneSimulator.ActiveCfg = Release|iPhoneSimulator
		{2BEAAB3D-CD00-4D3D-9A8D-DFC7350B70D2}.Release|iPhoneSimulator.Build.0 = Release|iPhoneSimulator
		{2BEAAB3D-CD00-4D3D-9A8D-DFC7350B70D2}.Release|x64.ActiveCfg = Release|iPhone
		{2BEAAB3D-CD00-4D3D-9A8D-DFC7350B70D2}.Release|x86.ActiveCfg = Release|iPhone
		{EB5C55C7-D41E-491E-80D0-320248A600E3}.Ad-Hoc|Any CPU.ActiveCfg = Release|Any CPU
		{EB5C55C7-D41E-491E-80D0-320248A600E3}.Ad-Hoc|Any CPU.Build.0 = Release|Any CPU
		{EB5C55C7-D41E-491E-80D0-320248A600E3}.Ad-Hoc|Any CPU.Deploy.0 = Release|Any CPU
		{EB5C55C7-D41E-491E-80D0-320248A600E3}.Ad-Hoc|ARM.ActiveCfg = Release|ARM
		{EB5C55C7-D41E-491E-80D0-320248A600E3}.Ad-Hoc|ARM.Build.0 = Release|ARM
		{EB5C55C7-D41E-491E-80D0-320248A600E3}.Ad-Hoc|ARM.Deploy.0 = Release|ARM
		{EB5C55C7-D41E-491E-80D0-320248A600E3}.Ad-Hoc|iPhone.ActiveCfg = Release|Any CPU
		{EB5C55C7-D41E-491E-80D0-320248A600E3}.Ad-Hoc|iPhone.Build.0 = Release|Any CPU
		{EB5C55C7-D41E-491E-80D0-320248A600E3}.Ad-Hoc|iPhone.Deploy.0 = Release|Any CPU
		{EB5C55C7-D41E-491E-80D0-320248A600E3}.Ad-Hoc|iPhoneSimulator.ActiveCfg = Release|Any CPU
		{EB5C55C7-D41E-491E-80D0-320248A600E3}.Ad-Hoc|iPhoneSimulator.Build.0 = Release|Any CPU
		{EB5C55C7-D41E-491E-80D0-320248A600E3}.Ad-Hoc|iPhoneSimulator.Deploy.0 = Release|Any CPU
		{EB5C55C7-D41E-491E-80D0-320248A600E3}.Ad-Hoc|x64.ActiveCfg = Release|Any CPU
		{EB5C55C7-D41E-491E-80D0-320248A600E3}.Ad-Hoc|x64.Build.0 = Release|Any CPU
		{EB5C55C7-D41E-491E-80D0-320248A600E3}.Ad-Hoc|x64.Deploy.0 = Release|Any CPU
		{EB5C55C7-D41E-491E-80D0-320248A600E3}.Ad-Hoc|x86.ActiveCfg = Release|x86
		{EB5C55C7-D41E-491E-80D0-320248A600E3}.Ad-Hoc|x86.Build.0 = Release|x86
		{EB5C55C7-D41E-491E-80D0-320248A600E3}.Ad-Hoc|x86.Deploy.0 = Release|x86
		{EB5C55C7-D41E-491E-80D0-320248A600E3}.AppStore|Any CPU.ActiveCfg = Release|Any CPU
		{EB5C55C7-D41E-491E-80D0-320248A600E3}.AppStore|Any CPU.Build.0 = Release|Any CPU
		{EB5C55C7-D41E-491E-80D0-320248A600E3}.AppStore|Any CPU.Deploy.0 = Release|Any CPU
		{EB5C55C7-D41E-491E-80D0-320248A600E3}.AppStore|ARM.ActiveCfg = Release|ARM
		{EB5C55C7-D41E-491E-80D0-320248A600E3}.AppStore|ARM.Build.0 = Release|ARM
		{EB5C55C7-D41E-491E-80D0-320248A600E3}.AppStore|ARM.Deploy.0 = Release|ARM
		{EB5C55C7-D41E-491E-80D0-320248A600E3}.AppStore|iPhone.ActiveCfg = Release|Any CPU
		{EB5C55C7-D41E-491E-80D0-320248A600E3}.AppStore|iPhone.Build.0 = Release|Any CPU
		{EB5C55C7-D41E-491E-80D0-320248A600E3}.AppStore|iPhone.Deploy.0 = Release|Any CPU
		{EB5C55C7-D41E-491E-80D0-320248A600E3}.AppStore|iPhoneSimulator.ActiveCfg = Release|Any CPU
		{EB5C55C7-D41E-491E-80D0-320248A600E3}.AppStore|iPhoneSimulator.Build.0 = Release|Any CPU
		{EB5C55C7-D41E-491E-80D0-320248A600E3}.AppStore|iPhoneSimulator.Deploy.0 = Release|Any CPU
		{EB5C55C7-D41E-491E-80D0-320248A600E3}.AppStore|x64.ActiveCfg = Release|Any CPU
		{EB5C55C7-D41E-491E-80D0-320248A600E3}.AppStore|x64.Build.0 = Release|Any CPU
		{EB5C55C7-D41E-491E-80D0-320248A600E3}.AppStore|x64.Deploy.0 = Release|Any CPU
		{EB5C55C7-D41E-491E-80D0-320248A600E3}.AppStore|x86.ActiveCfg = Release|x86
		{EB5C55C7-D41E-491E-80D0-320248A600E3}.AppStore|x86.Build.0 = Release|x86
		{EB5C55C7-D41E-491E-80D0-320248A600E3}.AppStore|x86.Deploy.0 = Release|x86
		{EB5C55C7-D41E-491E-80D0-320248A600E3}.Debug|Any CPU.ActiveCfg = Debug|Any CPU
		{EB5C55C7-D41E-491E-80D0-320248A600E3}.Debug|Any CPU.Build.0 = Debug|Any CPU
		{EB5C55C7-D41E-491E-80D0-320248A600E3}.Debug|Any CPU.Deploy.0 = Debug|Any CPU
		{EB5C55C7-D41E-491E-80D0-320248A600E3}.Debug|ARM.ActiveCfg = Debug|ARM
		{EB5C55C7-D41E-491E-80D0-320248A600E3}.Debug|ARM.Build.0 = Debug|ARM
		{EB5C55C7-D41E-491E-80D0-320248A600E3}.Debug|ARM.Deploy.0 = Debug|ARM
		{EB5C55C7-D41E-491E-80D0-320248A600E3}.Debug|iPhone.ActiveCfg = Debug|Any CPU
		{EB5C55C7-D41E-491E-80D0-320248A600E3}.Debug|iPhone.Build.0 = Debug|Any CPU
		{EB5C55C7-D41E-491E-80D0-320248A600E3}.Debug|iPhone.Deploy.0 = Debug|Any CPU
		{EB5C55C7-D41E-491E-80D0-320248A600E3}.Debug|iPhoneSimulator.ActiveCfg = Debug|Any CPU
		{EB5C55C7-D41E-491E-80D0-320248A600E3}.Debug|iPhoneSimulator.Build.0 = Debug|Any CPU
		{EB5C55C7-D41E-491E-80D0-320248A600E3}.Debug|iPhoneSimulator.Deploy.0 = Debug|Any CPU
		{EB5C55C7-D41E-491E-80D0-320248A600E3}.Debug|x64.ActiveCfg = Debug|Any CPU
		{EB5C55C7-D41E-491E-80D0-320248A600E3}.Debug|x64.Build.0 = Debug|Any CPU
		{EB5C55C7-D41E-491E-80D0-320248A600E3}.Debug|x64.Deploy.0 = Debug|Any CPU
		{EB5C55C7-D41E-491E-80D0-320248A600E3}.Debug|x86.ActiveCfg = Debug|x86
		{EB5C55C7-D41E-491E-80D0-320248A600E3}.Debug|x86.Build.0 = Debug|x86
		{EB5C55C7-D41E-491E-80D0-320248A600E3}.Debug|x86.Deploy.0 = Debug|x86
		{EB5C55C7-D41E-491E-80D0-320248A600E3}.Release|Any CPU.ActiveCfg = Release|Any CPU
		{EB5C55C7-D41E-491E-80D0-320248A600E3}.Release|Any CPU.Build.0 = Release|Any CPU
		{EB5C55C7-D41E-491E-80D0-320248A600E3}.Release|Any CPU.Deploy.0 = Release|Any CPU
		{EB5C55C7-D41E-491E-80D0-320248A600E3}.Release|ARM.ActiveCfg = Release|ARM
		{EB5C55C7-D41E-491E-80D0-320248A600E3}.Release|ARM.Build.0 = Release|ARM
		{EB5C55C7-D41E-491E-80D0-320248A600E3}.Release|ARM.Deploy.0 = Release|ARM
		{EB5C55C7-D41E-491E-80D0-320248A600E3}.Release|iPhone.ActiveCfg = Release|Any CPU
		{EB5C55C7-D41E-491E-80D0-320248A600E3}.Release|iPhone.Build.0 = Release|Any CPU
		{EB5C55C7-D41E-491E-80D0-320248A600E3}.Release|iPhone.Deploy.0 = Release|Any CPU
		{EB5C55C7-D41E-491E-80D0-320248A600E3}.Release|iPhoneSimulator.ActiveCfg = Release|Any CPU
		{EB5C55C7-D41E-491E-80D0-320248A600E3}.Release|iPhoneSimulator.Build.0 = Release|Any CPU
		{EB5C55C7-D41E-491E-80D0-320248A600E3}.Release|iPhoneSimulator.Deploy.0 = Release|Any CPU
		{EB5C55C7-D41E-491E-80D0-320248A600E3}.Release|x64.ActiveCfg = Release|Any CPU
		{EB5C55C7-D41E-491E-80D0-320248A600E3}.Release|x64.Build.0 = Release|Any CPU
		{EB5C55C7-D41E-491E-80D0-320248A600E3}.Release|x64.Deploy.0 = Release|Any CPU
		{EB5C55C7-D41E-491E-80D0-320248A600E3}.Release|x86.ActiveCfg = Release|x86
		{EB5C55C7-D41E-491E-80D0-320248A600E3}.Release|x86.Build.0 = Release|x86
		{EB5C55C7-D41E-491E-80D0-320248A600E3}.Release|x86.Deploy.0 = Release|x86
		{EDDE9628-B381-4212-A82A-AF87AFA5FA6A}.Ad-Hoc|Any CPU.ActiveCfg = Release|Any CPU
		{EDDE9628-B381-4212-A82A-AF87AFA5FA6A}.Ad-Hoc|Any CPU.Build.0 = Release|Any CPU
		{EDDE9628-B381-4212-A82A-AF87AFA5FA6A}.Ad-Hoc|Any CPU.Deploy.0 = Release|Any CPU
		{EDDE9628-B381-4212-A82A-AF87AFA5FA6A}.Ad-Hoc|ARM.ActiveCfg = Release|ARM
		{EDDE9628-B381-4212-A82A-AF87AFA5FA6A}.Ad-Hoc|ARM.Build.0 = Release|ARM
		{EDDE9628-B381-4212-A82A-AF87AFA5FA6A}.Ad-Hoc|ARM.Deploy.0 = Release|ARM
		{EDDE9628-B381-4212-A82A-AF87AFA5FA6A}.Ad-Hoc|iPhone.ActiveCfg = Release|Any CPU
		{EDDE9628-B381-4212-A82A-AF87AFA5FA6A}.Ad-Hoc|iPhone.Build.0 = Release|Any CPU
		{EDDE9628-B381-4212-A82A-AF87AFA5FA6A}.Ad-Hoc|iPhone.Deploy.0 = Release|Any CPU
		{EDDE9628-B381-4212-A82A-AF87AFA5FA6A}.Ad-Hoc|iPhoneSimulator.ActiveCfg = Release|Any CPU
		{EDDE9628-B381-4212-A82A-AF87AFA5FA6A}.Ad-Hoc|iPhoneSimulator.Build.0 = Release|Any CPU
		{EDDE9628-B381-4212-A82A-AF87AFA5FA6A}.Ad-Hoc|iPhoneSimulator.Deploy.0 = Release|Any CPU
		{EDDE9628-B381-4212-A82A-AF87AFA5FA6A}.Ad-Hoc|x64.ActiveCfg = Release|x64
		{EDDE9628-B381-4212-A82A-AF87AFA5FA6A}.Ad-Hoc|x64.Build.0 = Release|x64
		{EDDE9628-B381-4212-A82A-AF87AFA5FA6A}.Ad-Hoc|x64.Deploy.0 = Release|x64
		{EDDE9628-B381-4212-A82A-AF87AFA5FA6A}.Ad-Hoc|x86.ActiveCfg = Release|x86
		{EDDE9628-B381-4212-A82A-AF87AFA5FA6A}.Ad-Hoc|x86.Build.0 = Release|x86
		{EDDE9628-B381-4212-A82A-AF87AFA5FA6A}.Ad-Hoc|x86.Deploy.0 = Release|x86
		{EDDE9628-B381-4212-A82A-AF87AFA5FA6A}.AppStore|Any CPU.ActiveCfg = Release|Any CPU
		{EDDE9628-B381-4212-A82A-AF87AFA5FA6A}.AppStore|Any CPU.Build.0 = Release|Any CPU
		{EDDE9628-B381-4212-A82A-AF87AFA5FA6A}.AppStore|Any CPU.Deploy.0 = Release|Any CPU
		{EDDE9628-B381-4212-A82A-AF87AFA5FA6A}.AppStore|ARM.ActiveCfg = Release|ARM
		{EDDE9628-B381-4212-A82A-AF87AFA5FA6A}.AppStore|ARM.Build.0 = Release|ARM
		{EDDE9628-B381-4212-A82A-AF87AFA5FA6A}.AppStore|ARM.Deploy.0 = Release|ARM
		{EDDE9628-B381-4212-A82A-AF87AFA5FA6A}.AppStore|iPhone.ActiveCfg = Release|Any CPU
		{EDDE9628-B381-4212-A82A-AF87AFA5FA6A}.AppStore|iPhone.Build.0 = Release|Any CPU
		{EDDE9628-B381-4212-A82A-AF87AFA5FA6A}.AppStore|iPhone.Deploy.0 = Release|Any CPU
		{EDDE9628-B381-4212-A82A-AF87AFA5FA6A}.AppStore|iPhoneSimulator.ActiveCfg = Release|Any CPU
		{EDDE9628-B381-4212-A82A-AF87AFA5FA6A}.AppStore|iPhoneSimulator.Build.0 = Release|Any CPU
		{EDDE9628-B381-4212-A82A-AF87AFA5FA6A}.AppStore|iPhoneSimulator.Deploy.0 = Release|Any CPU
		{EDDE9628-B381-4212-A82A-AF87AFA5FA6A}.AppStore|x64.ActiveCfg = Release|x64
		{EDDE9628-B381-4212-A82A-AF87AFA5FA6A}.AppStore|x64.Build.0 = Release|x64
		{EDDE9628-B381-4212-A82A-AF87AFA5FA6A}.AppStore|x64.Deploy.0 = Release|x64
		{EDDE9628-B381-4212-A82A-AF87AFA5FA6A}.AppStore|x86.ActiveCfg = Release|x86
		{EDDE9628-B381-4212-A82A-AF87AFA5FA6A}.AppStore|x86.Build.0 = Release|x86
		{EDDE9628-B381-4212-A82A-AF87AFA5FA6A}.AppStore|x86.Deploy.0 = Release|x86
		{EDDE9628-B381-4212-A82A-AF87AFA5FA6A}.Debug|Any CPU.ActiveCfg = Debug|Any CPU
		{EDDE9628-B381-4212-A82A-AF87AFA5FA6A}.Debug|Any CPU.Build.0 = Debug|Any CPU
		{EDDE9628-B381-4212-A82A-AF87AFA5FA6A}.Debug|Any CPU.Deploy.0 = Debug|Any CPU
		{EDDE9628-B381-4212-A82A-AF87AFA5FA6A}.Debug|ARM.ActiveCfg = Debug|ARM
		{EDDE9628-B381-4212-A82A-AF87AFA5FA6A}.Debug|ARM.Build.0 = Debug|ARM
		{EDDE9628-B381-4212-A82A-AF87AFA5FA6A}.Debug|ARM.Deploy.0 = Debug|ARM
		{EDDE9628-B381-4212-A82A-AF87AFA5FA6A}.Debug|iPhone.ActiveCfg = Debug|Any CPU
		{EDDE9628-B381-4212-A82A-AF87AFA5FA6A}.Debug|iPhone.Build.0 = Debug|Any CPU
		{EDDE9628-B381-4212-A82A-AF87AFA5FA6A}.Debug|iPhone.Deploy.0 = Debug|Any CPU
		{EDDE9628-B381-4212-A82A-AF87AFA5FA6A}.Debug|iPhoneSimulator.ActiveCfg = Debug|Any CPU
		{EDDE9628-B381-4212-A82A-AF87AFA5FA6A}.Debug|iPhoneSimulator.Build.0 = Debug|Any CPU
		{EDDE9628-B381-4212-A82A-AF87AFA5FA6A}.Debug|iPhoneSimulator.Deploy.0 = Debug|Any CPU
		{EDDE9628-B381-4212-A82A-AF87AFA5FA6A}.Debug|x64.ActiveCfg = Debug|x64
		{EDDE9628-B381-4212-A82A-AF87AFA5FA6A}.Debug|x64.Build.0 = Debug|x64
		{EDDE9628-B381-4212-A82A-AF87AFA5FA6A}.Debug|x64.Deploy.0 = Debug|x64
		{EDDE9628-B381-4212-A82A-AF87AFA5FA6A}.Debug|x86.ActiveCfg = Debug|x86
		{EDDE9628-B381-4212-A82A-AF87AFA5FA6A}.Debug|x86.Build.0 = Debug|x86
		{EDDE9628-B381-4212-A82A-AF87AFA5FA6A}.Debug|x86.Deploy.0 = Debug|x86
		{EDDE9628-B381-4212-A82A-AF87AFA5FA6A}.Release|Any CPU.ActiveCfg = Release|Any CPU
		{EDDE9628-B381-4212-A82A-AF87AFA5FA6A}.Release|Any CPU.Build.0 = Release|Any CPU
		{EDDE9628-B381-4212-A82A-AF87AFA5FA6A}.Release|Any CPU.Deploy.0 = Release|Any CPU
		{EDDE9628-B381-4212-A82A-AF87AFA5FA6A}.Release|ARM.ActiveCfg = Release|ARM
		{EDDE9628-B381-4212-A82A-AF87AFA5FA6A}.Release|ARM.Build.0 = Release|ARM
		{EDDE9628-B381-4212-A82A-AF87AFA5FA6A}.Release|ARM.Deploy.0 = Release|ARM
		{EDDE9628-B381-4212-A82A-AF87AFA5FA6A}.Release|iPhone.ActiveCfg = Release|Any CPU
		{EDDE9628-B381-4212-A82A-AF87AFA5FA6A}.Release|iPhone.Build.0 = Release|Any CPU
		{EDDE9628-B381-4212-A82A-AF87AFA5FA6A}.Release|iPhone.Deploy.0 = Release|Any CPU
		{EDDE9628-B381-4212-A82A-AF87AFA5FA6A}.Release|iPhoneSimulator.ActiveCfg = Release|Any CPU
		{EDDE9628-B381-4212-A82A-AF87AFA5FA6A}.Release|iPhoneSimulator.Build.0 = Release|Any CPU
		{EDDE9628-B381-4212-A82A-AF87AFA5FA6A}.Release|iPhoneSimulator.Deploy.0 = Release|Any CPU
		{EDDE9628-B381-4212-A82A-AF87AFA5FA6A}.Release|x64.ActiveCfg = Release|x64
		{EDDE9628-B381-4212-A82A-AF87AFA5FA6A}.Release|x64.Build.0 = Release|x64
		{EDDE9628-B381-4212-A82A-AF87AFA5FA6A}.Release|x64.Deploy.0 = Release|x64
		{EDDE9628-B381-4212-A82A-AF87AFA5FA6A}.Release|x86.ActiveCfg = Release|x86
		{EDDE9628-B381-4212-A82A-AF87AFA5FA6A}.Release|x86.Build.0 = Release|x86
		{EDDE9628-B381-4212-A82A-AF87AFA5FA6A}.Release|x86.Deploy.0 = Release|x86
	EndGlobalSection
	GlobalSection(SolutionProperties) = preSolution
		HideSolutionNode = FALSE
	EndGlobalSection
EndGlobal
