
Microsoft Visual Studio Solution File, Format Version 12.00
# Visual Studio 14
VisualStudioVersion = 14.0.25420.1
MinimumVisualStudioVersion = 10.0.40219.1
Project("{FAE04EC0-301F-11D3-BF4B-00C04F79EFBC}") = "Samples", "Samples\Samples\Samples.csproj", "{D77F7040-CAD9-4ABD-856B-F0BE4ECB3BE0}"
EndProject
Project("{FAE04EC0-301F-11D3-BF4B-00C04F79EFBC}") = "Samples.Droid", "Samples\Samples.Droid\Samples.Droid.csproj", "{66DF2F3A-4DBF-42AA-890D-45E10B790F02}"
EndProject
Project("{FAE04EC0-301F-11D3-BF4B-00C04F79EFBC}") = "Samples.iOS", "Samples\Samples.iOS\Samples.iOS.csproj", "{AAD1F93D-8D3E-4D5F-9914-649925B8674C}"
EndProject
Project("{FAE04EC0-301F-11D3-BF4B-00C04F79EFBC}") = "Samples.WinPhone", "Samples\Samples.WinPhone\Samples.WinPhone.csproj", "{FE7737E2-E405-483F-BA6D-6B16BD5D4AAC}"
EndProject
Project("{FAE04EC0-301F-11D3-BF4B-00C04F79EFBC}") = "Samples.Windows", "Samples\Samples.Windows\Samples.Windows.csproj", "{7FAE43CA-D241-4801-901C-2F77DE5FFDBD}"
EndProject
Global
	GlobalSection(SolutionConfigurationPlatforms) = preSolution
		Ad-Hoc|Any CPU = Ad-Hoc|Any CPU
		Ad-Hoc|ARM = Ad-Hoc|ARM
		Ad-Hoc|iPhone = Ad-Hoc|iPhone
		Ad-Hoc|iPhoneSimulator = Ad-Hoc|iPhoneSimulator
		Ad-Hoc|x64 = Ad-Hoc|x64
		Ad-Hoc|x86 = Ad-Hoc|x86
		AppStore|Any CPU = AppStore|Any CPU
		AppStore|ARM = AppStore|ARM
		AppStore|iPhone = AppStore|iPhone
		AppStore|iPhoneSimulator = AppStore|iPhoneSimulator
		AppStore|x64 = AppStore|x64
		AppStore|x86 = AppStore|x86
		Debug|Any CPU = Debug|Any CPU
		Debug|ARM = Debug|ARM
		Debug|iPhone = Debug|iPhone
		Debug|iPhoneSimulator = Debug|iPhoneSimulator
		Debug|x64 = Debug|x64
		Debug|x86 = Debug|x86
		Release|Any CPU = Release|Any CPU
		Release|ARM = Release|ARM
		Release|iPhone = Release|iPhone
		Release|iPhoneSimulator = Release|iPhoneSimulator
		Release|x64 = Release|x64
		Release|x86 = Release|x86
	EndGlobalSection
	GlobalSection(ProjectConfigurationPlatforms) = postSolution
		{D77F7040-CAD9-4ABD-856B-F0BE4ECB3BE0}.Ad-Hoc|Any CPU.ActiveCfg = Release|Any CPU
		{D77F7040-CAD9-4ABD-856B-F0BE4ECB3BE0}.Ad-Hoc|Any CPU.Build.0 = Release|Any CPU
		{D77F7040-CAD9-4ABD-856B-F0BE4ECB3BE0}.Ad-Hoc|ARM.ActiveCfg = Release|Any CPU
		{D77F7040-CAD9-4ABD-856B-F0BE4ECB3BE0}.Ad-Hoc|ARM.Build.0 = Release|Any CPU
		{D77F7040-CAD9-4ABD-856B-F0BE4ECB3BE0}.Ad-Hoc|iPhone.ActiveCfg = Release|Any CPU
		{D77F7040-CAD9-4ABD-856B-F0BE4ECB3BE0}.Ad-Hoc|iPhone.Build.0 = Release|Any CPU
		{D77F7040-CAD9-4ABD-856B-F0BE4ECB3BE0}.Ad-Hoc|iPhoneSimulator.ActiveCfg = Release|Any CPU
		{D77F7040-CAD9-4ABD-856B-F0BE4ECB3BE0}.Ad-Hoc|iPhoneSimulator.Build.0 = Release|Any CPU
		{D77F7040-CAD9-4ABD-856B-F0BE4ECB3BE0}.Ad-Hoc|x64.ActiveCfg = Release|Any CPU
		{D77F7040-CAD9-4ABD-856B-F0BE4ECB3BE0}.Ad-Hoc|x64.Build.0 = Release|Any CPU
		{D77F7040-CAD9-4ABD-856B-F0BE4ECB3BE0}.Ad-Hoc|x86.ActiveCfg = Release|Any CPU
		{D77F7040-CAD9-4ABD-856B-F0BE4ECB3BE0}.Ad-Hoc|x86.Build.0 = Release|Any CPU
		{D77F7040-CAD9-4ABD-856B-F0BE4ECB3BE0}.AppStore|Any CPU.ActiveCfg = Release|Any CPU
		{D77F7040-CAD9-4ABD-856B-F0BE4ECB3BE0}.AppStore|Any CPU.Build.0 = Release|Any CPU
		{D77F7040-CAD9-4ABD-856B-F0BE4ECB3BE0}.AppStore|ARM.ActiveCfg = Release|Any CPU
		{D77F7040-CAD9-4ABD-856B-F0BE4ECB3BE0}.AppStore|ARM.Build.0 = Release|Any CPU
		{D77F7040-CAD9-4ABD-856B-F0BE4ECB3BE0}.AppStore|iPhone.ActiveCfg = Release|Any CPU
		{D77F7040-CAD9-4ABD-856B-F0BE4ECB3BE0}.AppStore|iPhone.Build.0 = Release|Any CPU
		{D77F7040-CAD9-4ABD-856B-F0BE4ECB3BE0}.AppStore|iPhoneSimulator.ActiveCfg = Release|Any CPU
		{D77F7040-CAD9-4ABD-856B-F0BE4ECB3BE0}.AppStore|iPhoneSimulator.Build.0 = Release|Any CPU
		{D77F7040-CAD9-4ABD-856B-F0BE4ECB3BE0}.AppStore|x64.ActiveCfg = Release|Any CPU
		{D77F7040-CAD9-4ABD-856B-F0BE4ECB3BE0}.AppStore|x64.Build.0 = Release|Any CPU
		{D77F7040-CAD9-4ABD-856B-F0BE4ECB3BE0}.AppStore|x86.ActiveCfg = Release|Any CPU
		{D77F7040-CAD9-4ABD-856B-F0BE4ECB3BE0}.AppStore|x86.Build.0 = Release|Any CPU
		{D77F7040-CAD9-4ABD-856B-F0BE4ECB3BE0}.Debug|Any CPU.ActiveCfg = Debug|Any CPU
		{D77F7040-CAD9-4ABD-856B-F0BE4ECB3BE0}.Debug|Any CPU.Build.0 = Debug|Any CPU
		{D77F7040-CAD9-4ABD-856B-F0BE4ECB3BE0}.Debug|ARM.ActiveCfg = Debug|Any CPU
		{D77F7040-CAD9-4ABD-856B-F0BE4ECB3BE0}.Debug|ARM.Build.0 = Debug|Any CPU
		{D77F7040-CAD9-4ABD-856B-F0BE4ECB3BE0}.Debug|iPhone.ActiveCfg = Debug|Any CPU
		{D77F7040-CAD9-4ABD-856B-F0BE4ECB3BE0}.Debug|iPhone.Build.0 = Debug|Any CPU
		{D77F7040-CAD9-4ABD-856B-F0BE4ECB3BE0}.Debug|iPhoneSimulator.ActiveCfg = Debug|Any CPU
		{D77F7040-CAD9-4ABD-856B-F0BE4ECB3BE0}.Debug|iPhoneSimulator.Build.0 = Debug|Any CPU
		{D77F7040-CAD9-4ABD-856B-F0BE4ECB3BE0}.Debug|x64.ActiveCfg = Debug|Any CPU
		{D77F7040-CAD9-4ABD-856B-F0BE4ECB3BE0}.Debug|x64.Build.0 = Debug|Any CPU
		{D77F7040-CAD9-4ABD-856B-F0BE4ECB3BE0}.Debug|x86.ActiveCfg = Debug|Any CPU
		{D77F7040-CAD9-4ABD-856B-F0BE4ECB3BE0}.Debug|x86.Build.0 = Debug|Any CPU
		{D77F7040-CAD9-4ABD-856B-F0BE4ECB3BE0}.Release|Any CPU.ActiveCfg = Release|Any CPU
		{D77F7040-CAD9-4ABD-856B-F0BE4ECB3BE0}.Release|Any CPU.Build.0 = Release|Any CPU
		{D77F7040-CAD9-4ABD-856B-F0BE4ECB3BE0}.Release|ARM.ActiveCfg = Release|Any CPU
		{D77F7040-CAD9-4ABD-856B-F0BE4ECB3BE0}.Release|ARM.Build.0 = Release|Any CPU
		{D77F7040-CAD9-4ABD-856B-F0BE4ECB3BE0}.Release|iPhone.ActiveCfg = Release|Any CPU
		{D77F7040-CAD9-4ABD-856B-F0BE4ECB3BE0}.Release|iPhone.Build.0 = Release|Any CPU
		{D77F7040-CAD9-4ABD-856B-F0BE4ECB3BE0}.Release|iPhoneSimulator.ActiveCfg = Release|Any CPU
		{D77F7040-CAD9-4ABD-856B-F0BE4ECB3BE0}.Release|iPhoneSimulator.Build.0 = Release|Any CPU
		{D77F7040-CAD9-4ABD-856B-F0BE4ECB3BE0}.Release|x64.ActiveCfg = Release|Any CPU
		{D77F7040-CAD9-4ABD-856B-F0BE4ECB3BE0}.Release|x64.Build.0 = Release|Any CPU
		{D77F7040-CAD9-4ABD-856B-F0BE4ECB3BE0}.Release|x86.ActiveCfg = Release|Any CPU
		{D77F7040-CAD9-4ABD-856B-F0BE4ECB3BE0}.Release|x86.Build.0 = Release|Any CPU
		{66DF2F3A-4DBF-42AA-890D-45E10B790F02}.Ad-Hoc|Any CPU.ActiveCfg = Release|Any CPU
		{66DF2F3A-4DBF-42AA-890D-45E10B790F02}.Ad-Hoc|Any CPU.Build.0 = Release|Any CPU
		{66DF2F3A-4DBF-42AA-890D-45E10B790F02}.Ad-Hoc|Any CPU.Deploy.0 = Release|Any CPU
		{66DF2F3A-4DBF-42AA-890D-45E10B790F02}.Ad-Hoc|ARM.ActiveCfg = Release|Any CPU
		{66DF2F3A-4DBF-42AA-890D-45E10B790F02}.Ad-Hoc|ARM.Build.0 = Release|Any CPU
		{66DF2F3A-4DBF-42AA-890D-45E10B790F02}.Ad-Hoc|ARM.Deploy.0 = Release|Any CPU
		{66DF2F3A-4DBF-42AA-890D-45E10B790F02}.Ad-Hoc|iPhone.ActiveCfg = Release|Any CPU
		{66DF2F3A-4DBF-42AA-890D-45E10B790F02}.Ad-Hoc|iPhone.Build.0 = Release|Any CPU
		{66DF2F3A-4DBF-42AA-890D-45E10B790F02}.Ad-Hoc|iPhone.Deploy.0 = Release|Any CPU
		{66DF2F3A-4DBF-42AA-890D-45E10B790F02}.Ad-Hoc|iPhoneSimulator.ActiveCfg = Release|Any CPU
		{66DF2F3A-4DBF-42AA-890D-45E10B790F02}.Ad-Hoc|iPhoneSimulator.Build.0 = Release|Any CPU
		{66DF2F3A-4DBF-42AA-890D-45E10B790F02}.Ad-Hoc|iPhoneSimulator.Deploy.0 = Release|Any CPU
		{66DF2F3A-4DBF-42AA-890D-45E10B790F02}.Ad-Hoc|x64.ActiveCfg = Release|Any CPU
		{66DF2F3A-4DBF-42AA-890D-45E10B790F02}.Ad-Hoc|x64.Build.0 = Release|Any CPU
		{66DF2F3A-4DBF-42AA-890D-45E10B790F02}.Ad-Hoc|x64.Deploy.0 = Release|Any CPU
		{66DF2F3A-4DBF-42AA-890D-45E10B790F02}.Ad-Hoc|x86.ActiveCfg = Release|Any CPU
		{66DF2F3A-4DBF-42AA-890D-45E10B790F02}.Ad-Hoc|x86.Build.0 = Release|Any CPU
		{66DF2F3A-4DBF-42AA-890D-45E10B790F02}.Ad-Hoc|x86.Deploy.0 = Release|Any CPU
		{66DF2F3A-4DBF-42AA-890D-45E10B790F02}.AppStore|Any CPU.ActiveCfg = Release|Any CPU
		{66DF2F3A-4DBF-42AA-890D-45E10B790F02}.AppStore|Any CPU.Build.0 = Release|Any CPU
		{66DF2F3A-4DBF-42AA-890D-45E10B790F02}.AppStore|Any CPU.Deploy.0 = Release|Any CPU
		{66DF2F3A-4DBF-42AA-890D-45E10B790F02}.AppStore|ARM.ActiveCfg = Release|Any CPU
		{66DF2F3A-4DBF-42AA-890D-45E10B790F02}.AppStore|ARM.Build.0 = Release|Any CPU
		{66DF2F3A-4DBF-42AA-890D-45E10B790F02}.AppStore|ARM.Deploy.0 = Release|Any CPU
		{66DF2F3A-4DBF-42AA-890D-45E10B790F02}.AppStore|iPhone.ActiveCfg = Release|Any CPU
		{66DF2F3A-4DBF-42AA-890D-45E10B790F02}.AppStore|iPhone.Build.0 = Release|Any CPU
		{66DF2F3A-4DBF-42AA-890D-45E10B790F02}.AppStore|iPhone.Deploy.0 = Release|Any CPU
		{66DF2F3A-4DBF-42AA-890D-45E10B790F02}.AppStore|iPhoneSimulator.ActiveCfg = Release|Any CPU
		{66DF2F3A-4DBF-42AA-890D-45E10B790F02}.AppStore|iPhoneSimulator.Build.0 = Release|Any CPU
		{66DF2F3A-4DBF-42AA-890D-45E10B790F02}.AppStore|iPhoneSimulator.Deploy.0 = Release|Any CPU
		{66DF2F3A-4DBF-42AA-890D-45E10B790F02}.AppStore|x64.ActiveCfg = Release|Any CPU
		{66DF2F3A-4DBF-42AA-890D-45E10B790F02}.AppStore|x64.Build.0 = Release|Any CPU
		{66DF2F3A-4DBF-42AA-890D-45E10B790F02}.AppStore|x64.Deploy.0 = Release|Any CPU
		{66DF2F3A-4DBF-42AA-890D-45E10B790F02}.AppStore|x86.ActiveCfg = Release|Any CPU
		{66DF2F3A-4DBF-42AA-890D-45E10B790F02}.AppStore|x86.Build.0 = Release|Any CPU
		{66DF2F3A-4DBF-42AA-890D-45E10B790F02}.AppStore|x86.Deploy.0 = Release|Any CPU
		{66DF2F3A-4DBF-42AA-890D-45E10B790F02}.Debug|Any CPU.ActiveCfg = Debug|Any CPU
		{66DF2F3A-4DBF-42AA-890D-45E10B790F02}.Debug|Any CPU.Build.0 = Debug|Any CPU
		{66DF2F3A-4DBF-42AA-890D-45E10B790F02}.Debug|Any CPU.Deploy.0 = Debug|Any CPU
		{66DF2F3A-4DBF-42AA-890D-45E10B790F02}.Debug|ARM.ActiveCfg = Debug|Any CPU
		{66DF2F3A-4DBF-42AA-890D-45E10B790F02}.Debug|ARM.Build.0 = Debug|Any CPU
		{66DF2F3A-4DBF-42AA-890D-45E10B790F02}.Debug|ARM.Deploy.0 = Debug|Any CPU
		{66DF2F3A-4DBF-42AA-890D-45E10B790F02}.Debug|iPhone.ActiveCfg = Debug|Any CPU
		{66DF2F3A-4DBF-42AA-890D-45E10B790F02}.Debug|iPhone.Build.0 = Debug|Any CPU
		{66DF2F3A-4DBF-42AA-890D-45E10B790F02}.Debug|iPhone.Deploy.0 = Debug|Any CPU
		{66DF2F3A-4DBF-42AA-890D-45E10B790F02}.Debug|iPhoneSimulator.ActiveCfg = Debug|Any CPU
		{66DF2F3A-4DBF-42AA-890D-45E10B790F02}.Debug|iPhoneSimulator.Build.0 = Debug|Any CPU
		{66DF2F3A-4DBF-42AA-890D-45E10B790F02}.Debug|iPhoneSimulator.Deploy.0 = Debug|Any CPU
		{66DF2F3A-4DBF-42AA-890D-45E10B790F02}.Debug|x64.ActiveCfg = Debug|Any CPU
		{66DF2F3A-4DBF-42AA-890D-45E10B790F02}.Debug|x64.Build.0 = Debug|Any CPU
		{66DF2F3A-4DBF-42AA-890D-45E10B790F02}.Debug|x64.Deploy.0 = Debug|Any CPU
		{66DF2F3A-4DBF-42AA-890D-45E10B790F02}.Debug|x86.ActiveCfg = Debug|Any CPU
		{66DF2F3A-4DBF-42AA-890D-45E10B790F02}.Debug|x86.Build.0 = Debug|Any CPU
		{66DF2F3A-4DBF-42AA-890D-45E10B790F02}.Debug|x86.Deploy.0 = Debug|Any CPU
		{66DF2F3A-4DBF-42AA-890D-45E10B790F02}.Release|Any CPU.ActiveCfg = Release|Any CPU
		{66DF2F3A-4DBF-42AA-890D-45E10B790F02}.Release|Any CPU.Build.0 = Release|Any CPU
		{66DF2F3A-4DBF-42AA-890D-45E10B790F02}.Release|Any CPU.Deploy.0 = Release|Any CPU
		{66DF2F3A-4DBF-42AA-890D-45E10B790F02}.Release|ARM.ActiveCfg = Release|Any CPU
		{66DF2F3A-4DBF-42AA-890D-45E10B790F02}.Release|ARM.Build.0 = Release|Any CPU
		{66DF2F3A-4DBF-42AA-890D-45E10B790F02}.Release|ARM.Deploy.0 = Release|Any CPU
		{66DF2F3A-4DBF-42AA-890D-45E10B790F02}.Release|iPhone.ActiveCfg = Release|Any CPU
		{66DF2F3A-4DBF-42AA-890D-45E10B790F02}.Release|iPhone.Build.0 = Release|Any CPU
		{66DF2F3A-4DBF-42AA-890D-45E10B790F02}.Release|iPhone.Deploy.0 = Release|Any CPU
		{66DF2F3A-4DBF-42AA-890D-45E10B790F02}.Release|iPhoneSimulator.ActiveCfg = Release|Any CPU
		{66DF2F3A-4DBF-42AA-890D-45E10B790F02}.Release|iPhoneSimulator.Build.0 = Release|Any CPU
		{66DF2F3A-4DBF-42AA-890D-45E10B790F02}.Release|iPhoneSimulator.Deploy.0 = Release|Any CPU
		{66DF2F3A-4DBF-42AA-890D-45E10B790F02}.Release|x64.ActiveCfg = Release|Any CPU
		{66DF2F3A-4DBF-42AA-890D-45E10B790F02}.Release|x64.Build.0 = Release|Any CPU
		{66DF2F3A-4DBF-42AA-890D-45E10B790F02}.Release|x64.Deploy.0 = Release|Any CPU
		{66DF2F3A-4DBF-42AA-890D-45E10B790F02}.Release|x86.ActiveCfg = Release|Any CPU
		{66DF2F3A-4DBF-42AA-890D-45E10B790F02}.Release|x86.Build.0 = Release|Any CPU
		{66DF2F3A-4DBF-42AA-890D-45E10B790F02}.Release|x86.Deploy.0 = Release|Any CPU
		{AAD1F93D-8D3E-4D5F-9914-649925B8674C}.Ad-Hoc|Any CPU.ActiveCfg = Ad-Hoc|iPhone
		{AAD1F93D-8D3E-4D5F-9914-649925B8674C}.Ad-Hoc|ARM.ActiveCfg = Ad-Hoc|iPhone
		{AAD1F93D-8D3E-4D5F-9914-649925B8674C}.Ad-Hoc|iPhone.ActiveCfg = Ad-Hoc|iPhone
		{AAD1F93D-8D3E-4D5F-9914-649925B8674C}.Ad-Hoc|iPhone.Build.0 = Ad-Hoc|iPhone
		{AAD1F93D-8D3E-4D5F-9914-649925B8674C}.Ad-Hoc|iPhoneSimulator.ActiveCfg = Ad-Hoc|iPhoneSimulator
		{AAD1F93D-8D3E-4D5F-9914-649925B8674C}.Ad-Hoc|iPhoneSimulator.Build.0 = Ad-Hoc|iPhoneSimulator
		{AAD1F93D-8D3E-4D5F-9914-649925B8674C}.Ad-Hoc|x64.ActiveCfg = Ad-Hoc|iPhone
		{AAD1F93D-8D3E-4D5F-9914-649925B8674C}.Ad-Hoc|x86.ActiveCfg = Ad-Hoc|iPhone
		{AAD1F93D-8D3E-4D5F-9914-649925B8674C}.AppStore|Any CPU.ActiveCfg = AppStore|iPhone
		{AAD1F93D-8D3E-4D5F-9914-649925B8674C}.AppStore|ARM.ActiveCfg = AppStore|iPhone
		{AAD1F93D-8D3E-4D5F-9914-649925B8674C}.AppStore|iPhone.ActiveCfg = AppStore|iPhone
		{AAD1F93D-8D3E-4D5F-9914-649925B8674C}.AppStore|iPhone.Build.0 = AppStore|iPhone
		{AAD1F93D-8D3E-4D5F-9914-649925B8674C}.AppStore|iPhoneSimulator.ActiveCfg = AppStore|iPhoneSimulator
		{AAD1F93D-8D3E-4D5F-9914-649925B8674C}.AppStore|iPhoneSimulator.Build.0 = AppStore|iPhoneSimulator
		{AAD1F93D-8D3E-4D5F-9914-649925B8674C}.AppStore|x64.ActiveCfg = AppStore|iPhone
		{AAD1F93D-8D3E-4D5F-9914-649925B8674C}.AppStore|x86.ActiveCfg = AppStore|iPhone
		{AAD1F93D-8D3E-4D5F-9914-649925B8674C}.Debug|Any CPU.ActiveCfg = Debug|iPhone
		{AAD1F93D-8D3E-4D5F-9914-649925B8674C}.Debug|ARM.ActiveCfg = Debug|iPhone
		{AAD1F93D-8D3E-4D5F-9914-649925B8674C}.Debug|iPhone.ActiveCfg = Debug|iPhone
		{AAD1F93D-8D3E-4D5F-9914-649925B8674C}.Debug|iPhone.Build.0 = Debug|iPhone
		{AAD1F93D-8D3E-4D5F-9914-649925B8674C}.Debug|iPhoneSimulator.ActiveCfg = Debug|iPhoneSimulator
		{AAD1F93D-8D3E-4D5F-9914-649925B8674C}.Debug|iPhoneSimulator.Build.0 = Debug|iPhoneSimulator
		{AAD1F93D-8D3E-4D5F-9914-649925B8674C}.Debug|x64.ActiveCfg = Debug|iPhone
		{AAD1F93D-8D3E-4D5F-9914-649925B8674C}.Debug|x86.ActiveCfg = Debug|iPhone
		{AAD1F93D-8D3E-4D5F-9914-649925B8674C}.Release|Any CPU.ActiveCfg = Release|iPhone
		{AAD1F93D-8D3E-4D5F-9914-649925B8674C}.Release|ARM.ActiveCfg = Release|iPhone
		{AAD1F93D-8D3E-4D5F-9914-649925B8674C}.Release|iPhone.ActiveCfg = Release|iPhone
		{AAD1F93D-8D3E-4D5F-9914-649925B8674C}.Release|iPhone.Build.0 = Release|iPhone
		{AAD1F93D-8D3E-4D5F-9914-649925B8674C}.Release|iPhoneSimulator.ActiveCfg = Release|iPhoneSimulator
		{AAD1F93D-8D3E-4D5F-9914-649925B8674C}.Release|iPhoneSimulator.Build.0 = Release|iPhoneSimulator
		{AAD1F93D-8D3E-4D5F-9914-649925B8674C}.Release|x64.ActiveCfg = Release|iPhone
		{AAD1F93D-8D3E-4D5F-9914-649925B8674C}.Release|x86.ActiveCfg = Release|iPhone
		{FE7737E2-E405-483F-BA6D-6B16BD5D4AAC}.Ad-Hoc|Any CPU.ActiveCfg = Release|Any CPU
		{FE7737E2-E405-483F-BA6D-6B16BD5D4AAC}.Ad-Hoc|Any CPU.Build.0 = Release|Any CPU
		{FE7737E2-E405-483F-BA6D-6B16BD5D4AAC}.Ad-Hoc|Any CPU.Deploy.0 = Release|Any CPU
		{FE7737E2-E405-483F-BA6D-6B16BD5D4AAC}.Ad-Hoc|ARM.ActiveCfg = Release|ARM
		{FE7737E2-E405-483F-BA6D-6B16BD5D4AAC}.Ad-Hoc|ARM.Build.0 = Release|ARM
		{FE7737E2-E405-483F-BA6D-6B16BD5D4AAC}.Ad-Hoc|ARM.Deploy.0 = Release|ARM
		{FE7737E2-E405-483F-BA6D-6B16BD5D4AAC}.Ad-Hoc|iPhone.ActiveCfg = Release|Any CPU
		{FE7737E2-E405-483F-BA6D-6B16BD5D4AAC}.Ad-Hoc|iPhone.Build.0 = Release|Any CPU
		{FE7737E2-E405-483F-BA6D-6B16BD5D4AAC}.Ad-Hoc|iPhone.Deploy.0 = Release|Any CPU
		{FE7737E2-E405-483F-BA6D-6B16BD5D4AAC}.Ad-Hoc|iPhoneSimulator.ActiveCfg = Release|Any CPU
		{FE7737E2-E405-483F-BA6D-6B16BD5D4AAC}.Ad-Hoc|iPhoneSimulator.Build.0 = Release|Any CPU
		{FE7737E2-E405-483F-BA6D-6B16BD5D4AAC}.Ad-Hoc|iPhoneSimulator.Deploy.0 = Release|Any CPU
		{FE7737E2-E405-483F-BA6D-6B16BD5D4AAC}.Ad-Hoc|x64.ActiveCfg = Release|Any CPU
		{FE7737E2-E405-483F-BA6D-6B16BD5D4AAC}.Ad-Hoc|x64.Build.0 = Release|Any CPU
		{FE7737E2-E405-483F-BA6D-6B16BD5D4AAC}.Ad-Hoc|x64.Deploy.0 = Release|Any CPU
		{FE7737E2-E405-483F-BA6D-6B16BD5D4AAC}.Ad-Hoc|x86.ActiveCfg = Release|x86
		{FE7737E2-E405-483F-BA6D-6B16BD5D4AAC}.Ad-Hoc|x86.Build.0 = Release|x86
		{FE7737E2-E405-483F-BA6D-6B16BD5D4AAC}.Ad-Hoc|x86.Deploy.0 = Release|x86
		{FE7737E2-E405-483F-BA6D-6B16BD5D4AAC}.AppStore|Any CPU.ActiveCfg = Release|Any CPU
		{FE7737E2-E405-483F-BA6D-6B16BD5D4AAC}.AppStore|Any CPU.Build.0 = Release|Any CPU
		{FE7737E2-E405-483F-BA6D-6B16BD5D4AAC}.AppStore|Any CPU.Deploy.0 = Release|Any CPU
		{FE7737E2-E405-483F-BA6D-6B16BD5D4AAC}.AppStore|ARM.ActiveCfg = Release|ARM
		{FE7737E2-E405-483F-BA6D-6B16BD5D4AAC}.AppStore|ARM.Build.0 = Release|ARM
		{FE7737E2-E405-483F-BA6D-6B16BD5D4AAC}.AppStore|ARM.Deploy.0 = Release|ARM
		{FE7737E2-E405-483F-BA6D-6B16BD5D4AAC}.AppStore|iPhone.ActiveCfg = Release|Any CPU
		{FE7737E2-E405-483F-BA6D-6B16BD5D4AAC}.AppStore|iPhone.Build.0 = Release|Any CPU
		{FE7737E2-E405-483F-BA6D-6B16BD5D4AAC}.AppStore|iPhone.Deploy.0 = Release|Any CPU
		{FE7737E2-E405-483F-BA6D-6B16BD5D4AAC}.AppStore|iPhoneSimulator.ActiveCfg = Release|Any CPU
		{FE7737E2-E405-483F-BA6D-6B16BD5D4AAC}.AppStore|iPhoneSimulator.Build.0 = Release|Any CPU
		{FE7737E2-E405-483F-BA6D-6B16BD5D4AAC}.AppStore|iPhoneSimulator.Deploy.0 = Release|Any CPU
		{FE7737E2-E405-483F-BA6D-6B16BD5D4AAC}.AppStore|x64.ActiveCfg = Release|Any CPU
		{FE7737E2-E405-483F-BA6D-6B16BD5D4AAC}.AppStore|x64.Build.0 = Release|Any CPU
		{FE7737E2-E405-483F-BA6D-6B16BD5D4AAC}.AppStore|x64.Deploy.0 = Release|Any CPU
		{FE7737E2-E405-483F-BA6D-6B16BD5D4AAC}.AppStore|x86.ActiveCfg = Release|x86
		{FE7737E2-E405-483F-BA6D-6B16BD5D4AAC}.AppStore|x86.Build.0 = Release|x86
		{FE7737E2-E405-483F-BA6D-6B16BD5D4AAC}.AppStore|x86.Deploy.0 = Release|x86
		{FE7737E2-E405-483F-BA6D-6B16BD5D4AAC}.Debug|Any CPU.ActiveCfg = Debug|Any CPU
		{FE7737E2-E405-483F-BA6D-6B16BD5D4AAC}.Debug|Any CPU.Build.0 = Debug|Any CPU
		{FE7737E2-E405-483F-BA6D-6B16BD5D4AAC}.Debug|Any CPU.Deploy.0 = Debug|Any CPU
		{FE7737E2-E405-483F-BA6D-6B16BD5D4AAC}.Debug|ARM.ActiveCfg = Debug|ARM
		{FE7737E2-E405-483F-BA6D-6B16BD5D4AAC}.Debug|ARM.Build.0 = Debug|ARM
		{FE7737E2-E405-483F-BA6D-6B16BD5D4AAC}.Debug|ARM.Deploy.0 = Debug|ARM
		{FE7737E2-E405-483F-BA6D-6B16BD5D4AAC}.Debug|iPhone.ActiveCfg = Debug|Any CPU
		{FE7737E2-E405-483F-BA6D-6B16BD5D4AAC}.Debug|iPhone.Build.0 = Debug|Any CPU
		{FE7737E2-E405-483F-BA6D-6B16BD5D4AAC}.Debug|iPhone.Deploy.0 = Debug|Any CPU
		{FE7737E2-E405-483F-BA6D-6B16BD5D4AAC}.Debug|iPhoneSimulator.ActiveCfg = Debug|Any CPU
		{FE7737E2-E405-483F-BA6D-6B16BD5D4AAC}.Debug|iPhoneSimulator.Build.0 = Debug|Any CPU
		{FE7737E2-E405-483F-BA6D-6B16BD5D4AAC}.Debug|iPhoneSimulator.Deploy.0 = Debug|Any CPU
		{FE7737E2-E405-483F-BA6D-6B16BD5D4AAC}.Debug|x64.ActiveCfg = Debug|Any CPU
		{FE7737E2-E405-483F-BA6D-6B16BD5D4AAC}.Debug|x64.Build.0 = Debug|Any CPU
		{FE7737E2-E405-483F-BA6D-6B16BD5D4AAC}.Debug|x64.Deploy.0 = Debug|Any CPU
		{FE7737E2-E405-483F-BA6D-6B16BD5D4AAC}.Debug|x86.ActiveCfg = Debug|x86
		{FE7737E2-E405-483F-BA6D-6B16BD5D4AAC}.Debug|x86.Build.0 = Debug|x86
		{FE7737E2-E405-483F-BA6D-6B16BD5D4AAC}.Debug|x86.Deploy.0 = Debug|x86
		{FE7737E2-E405-483F-BA6D-6B16BD5D4AAC}.Release|Any CPU.ActiveCfg = Release|Any CPU
		{FE7737E2-E405-483F-BA6D-6B16BD5D4AAC}.Release|Any CPU.Build.0 = Release|Any CPU
		{FE7737E2-E405-483F-BA6D-6B16BD5D4AAC}.Release|Any CPU.Deploy.0 = Release|Any CPU
		{FE7737E2-E405-483F-BA6D-6B16BD5D4AAC}.Release|ARM.ActiveCfg = Release|ARM
		{FE7737E2-E405-483F-BA6D-6B16BD5D4AAC}.Release|ARM.Build.0 = Release|ARM
		{FE7737E2-E405-483F-BA6D-6B16BD5D4AAC}.Release|ARM.Deploy.0 = Release|ARM
		{FE7737E2-E405-483F-BA6D-6B16BD5D4AAC}.Release|iPhone.ActiveCfg = Release|Any CPU
		{FE7737E2-E405-483F-BA6D-6B16BD5D4AAC}.Release|iPhone.Build.0 = Release|Any CPU
		{FE7737E2-E405-483F-BA6D-6B16BD5D4AAC}.Release|iPhone.Deploy.0 = Release|Any CPU
		{FE7737E2-E405-483F-BA6D-6B16BD5D4AAC}.Release|iPhoneSimulator.ActiveCfg = Release|Any CPU
		{FE7737E2-E405-483F-BA6D-6B16BD5D4AAC}.Release|iPhoneSimulator.Build.0 = Release|Any CPU
		{FE7737E2-E405-483F-BA6D-6B16BD5D4AAC}.Release|iPhoneSimulator.Deploy.0 = Release|Any CPU
		{FE7737E2-E405-483F-BA6D-6B16BD5D4AAC}.Release|x64.ActiveCfg = Release|Any CPU
		{FE7737E2-E405-483F-BA6D-6B16BD5D4AAC}.Release|x64.Build.0 = Release|Any CPU
		{FE7737E2-E405-483F-BA6D-6B16BD5D4AAC}.Release|x64.Deploy.0 = Release|Any CPU
		{FE7737E2-E405-483F-BA6D-6B16BD5D4AAC}.Release|x86.ActiveCfg = Release|x86
		{FE7737E2-E405-483F-BA6D-6B16BD5D4AAC}.Release|x86.Build.0 = Release|x86
		{FE7737E2-E405-483F-BA6D-6B16BD5D4AAC}.Release|x86.Deploy.0 = Release|x86
		{7FAE43CA-D241-4801-901C-2F77DE5FFDBD}.Ad-Hoc|Any CPU.ActiveCfg = Release|Any CPU
		{7FAE43CA-D241-4801-901C-2F77DE5FFDBD}.Ad-Hoc|Any CPU.Build.0 = Release|Any CPU
		{7FAE43CA-D241-4801-901C-2F77DE5FFDBD}.Ad-Hoc|Any CPU.Deploy.0 = Release|Any CPU
		{7FAE43CA-D241-4801-901C-2F77DE5FFDBD}.Ad-Hoc|ARM.ActiveCfg = Release|ARM
		{7FAE43CA-D241-4801-901C-2F77DE5FFDBD}.Ad-Hoc|ARM.Build.0 = Release|ARM
		{7FAE43CA-D241-4801-901C-2F77DE5FFDBD}.Ad-Hoc|ARM.Deploy.0 = Release|ARM
		{7FAE43CA-D241-4801-901C-2F77DE5FFDBD}.Ad-Hoc|iPhone.ActiveCfg = Release|Any CPU
		{7FAE43CA-D241-4801-901C-2F77DE5FFDBD}.Ad-Hoc|iPhone.Build.0 = Release|Any CPU
		{7FAE43CA-D241-4801-901C-2F77DE5FFDBD}.Ad-Hoc|iPhone.Deploy.0 = Release|Any CPU
		{7FAE43CA-D241-4801-901C-2F77DE5FFDBD}.Ad-Hoc|iPhoneSimulator.ActiveCfg = Release|Any CPU
		{7FAE43CA-D241-4801-901C-2F77DE5FFDBD}.Ad-Hoc|iPhoneSimulator.Build.0 = Release|Any CPU
		{7FAE43CA-D241-4801-901C-2F77DE5FFDBD}.Ad-Hoc|iPhoneSimulator.Deploy.0 = Release|Any CPU
		{7FAE43CA-D241-4801-901C-2F77DE5FFDBD}.Ad-Hoc|x64.ActiveCfg = Release|x64
		{7FAE43CA-D241-4801-901C-2F77DE5FFDBD}.Ad-Hoc|x64.Build.0 = Release|x64
		{7FAE43CA-D241-4801-901C-2F77DE5FFDBD}.Ad-Hoc|x64.Deploy.0 = Release|x64
		{7FAE43CA-D241-4801-901C-2F77DE5FFDBD}.Ad-Hoc|x86.ActiveCfg = Release|x86
		{7FAE43CA-D241-4801-901C-2F77DE5FFDBD}.Ad-Hoc|x86.Build.0 = Release|x86
		{7FAE43CA-D241-4801-901C-2F77DE5FFDBD}.Ad-Hoc|x86.Deploy.0 = Release|x86
		{7FAE43CA-D241-4801-901C-2F77DE5FFDBD}.AppStore|Any CPU.ActiveCfg = Release|Any CPU
		{7FAE43CA-D241-4801-901C-2F77DE5FFDBD}.AppStore|Any CPU.Build.0 = Release|Any CPU
		{7FAE43CA-D241-4801-901C-2F77DE5FFDBD}.AppStore|Any CPU.Deploy.0 = Release|Any CPU
		{7FAE43CA-D241-4801-901C-2F77DE5FFDBD}.AppStore|ARM.ActiveCfg = Release|ARM
		{7FAE43CA-D241-4801-901C-2F77DE5FFDBD}.AppStore|ARM.Build.0 = Release|ARM
		{7FAE43CA-D241-4801-901C-2F77DE5FFDBD}.AppStore|ARM.Deploy.0 = Release|ARM
		{7FAE43CA-D241-4801-901C-2F77DE5FFDBD}.AppStore|iPhone.ActiveCfg = Release|Any CPU
		{7FAE43CA-D241-4801-901C-2F77DE5FFDBD}.AppStore|iPhone.Build.0 = Release|Any CPU
		{7FAE43CA-D241-4801-901C-2F77DE5FFDBD}.AppStore|iPhone.Deploy.0 = Release|Any CPU
		{7FAE43CA-D241-4801-901C-2F77DE5FFDBD}.AppStore|iPhoneSimulator.ActiveCfg = Release|Any CPU
		{7FAE43CA-D241-4801-901C-2F77DE5FFDBD}.AppStore|iPhoneSimulator.Build.0 = Release|Any CPU
		{7FAE43CA-D241-4801-901C-2F77DE5FFDBD}.AppStore|iPhoneSimulator.Deploy.0 = Release|Any CPU
		{7FAE43CA-D241-4801-901C-2F77DE5FFDBD}.AppStore|x64.ActiveCfg = Release|x64
		{7FAE43CA-D241-4801-901C-2F77DE5FFDBD}.AppStore|x64.Build.0 = Release|x64
		{7FAE43CA-D241-4801-901C-2F77DE5FFDBD}.AppStore|x64.Deploy.0 = Release|x64
		{7FAE43CA-D241-4801-901C-2F77DE5FFDBD}.AppStore|x86.ActiveCfg = Release|x86
		{7FAE43CA-D241-4801-901C-2F77DE5FFDBD}.AppStore|x86.Build.0 = Release|x86
		{7FAE43CA-D241-4801-901C-2F77DE5FFDBD}.AppStore|x86.Deploy.0 = Release|x86
		{7FAE43CA-D241-4801-901C-2F77DE5FFDBD}.Debug|Any CPU.ActiveCfg = Debug|Any CPU
		{7FAE43CA-D241-4801-901C-2F77DE5FFDBD}.Debug|Any CPU.Build.0 = Debug|Any CPU
		{7FAE43CA-D241-4801-901C-2F77DE5FFDBD}.Debug|Any CPU.Deploy.0 = Debug|Any CPU
		{7FAE43CA-D241-4801-901C-2F77DE5FFDBD}.Debug|ARM.ActiveCfg = Debug|ARM
		{7FAE43CA-D241-4801-901C-2F77DE5FFDBD}.Debug|ARM.Build.0 = Debug|ARM
		{7FAE43CA-D241-4801-901C-2F77DE5FFDBD}.Debug|ARM.Deploy.0 = Debug|ARM
		{7FAE43CA-D241-4801-901C-2F77DE5FFDBD}.Debug|iPhone.ActiveCfg = Debug|Any CPU
		{7FAE43CA-D241-4801-901C-2F77DE5FFDBD}.Debug|iPhone.Build.0 = Debug|Any CPU
		{7FAE43CA-D241-4801-901C-2F77DE5FFDBD}.Debug|iPhone.Deploy.0 = Debug|Any CPU
		{7FAE43CA-D241-4801-901C-2F77DE5FFDBD}.Debug|iPhoneSimulator.ActiveCfg = Debug|Any CPU
		{7FAE43CA-D241-4801-901C-2F77DE5FFDBD}.Debug|iPhoneSimulator.Build.0 = Debug|Any CPU
		{7FAE43CA-D241-4801-901C-2F77DE5FFDBD}.Debug|iPhoneSimulator.Deploy.0 = Debug|Any CPU
		{7FAE43CA-D241-4801-901C-2F77DE5FFDBD}.Debug|x64.ActiveCfg = Debug|x64
		{7FAE43CA-D241-4801-901C-2F77DE5FFDBD}.Debug|x64.Build.0 = Debug|x64
		{7FAE43CA-D241-4801-901C-2F77DE5FFDBD}.Debug|x64.Deploy.0 = Debug|x64
		{7FAE43CA-D241-4801-901C-2F77DE5FFDBD}.Debug|x86.ActiveCfg = Debug|x86
		{7FAE43CA-D241-4801-901C-2F77DE5FFDBD}.Debug|x86.Build.0 = Debug|x86
		{7FAE43CA-D241-4801-901C-2F77DE5FFDBD}.Debug|x86.Deploy.0 = Debug|x86
		{7FAE43CA-D241-4801-901C-2F77DE5FFDBD}.Release|Any CPU.ActiveCfg = Release|Any CPU
		{7FAE43CA-D241-4801-901C-2F77DE5FFDBD}.Release|Any CPU.Build.0 = Release|Any CPU
		{7FAE43CA-D241-4801-901C-2F77DE5FFDBD}.Release|Any CPU.Deploy.0 = Release|Any CPU
		{7FAE43CA-D241-4801-901C-2F77DE5FFDBD}.Release|ARM.ActiveCfg = Release|ARM
		{7FAE43CA-D241-4801-901C-2F77DE5FFDBD}.Release|ARM.Build.0 = Release|ARM
		{7FAE43CA-D241-4801-901C-2F77DE5FFDBD}.Release|ARM.Deploy.0 = Release|ARM
		{7FAE43CA-D241-4801-901C-2F77DE5FFDBD}.Release|iPhone.ActiveCfg = Release|Any CPU
		{7FAE43CA-D241-4801-901C-2F77DE5FFDBD}.Release|iPhone.Build.0 = Release|Any CPU
		{7FAE43CA-D241-4801-901C-2F77DE5FFDBD}.Release|iPhone.Deploy.0 = Release|Any CPU
		{7FAE43CA-D241-4801-901C-2F77DE5FFDBD}.Release|iPhoneSimulator.ActiveCfg = Release|Any CPU
		{7FAE43CA-D241-4801-901C-2F77DE5FFDBD}.Release|iPhoneSimulator.Build.0 = Release|Any CPU
		{7FAE43CA-D241-4801-901C-2F77DE5FFDBD}.Release|iPhoneSimulator.Deploy.0 = Release|Any CPU
		{7FAE43CA-D241-4801-901C-2F77DE5FFDBD}.Release|x64.ActiveCfg = Release|x64
		{7FAE43CA-D241-4801-901C-2F77DE5FFDBD}.Release|x64.Build.0 = Release|x64
		{7FAE43CA-D241-4801-901C-2F77DE5FFDBD}.Release|x64.Deploy.0 = Release|x64
		{7FAE43CA-D241-4801-901C-2F77DE5FFDBD}.Release|x86.ActiveCfg = Release|x86
		{7FAE43CA-D241-4801-901C-2F77DE5FFDBD}.Release|x86.Build.0 = Release|x86
		{7FAE43CA-D241-4801-901C-2F77DE5FFDBD}.Release|x86.Deploy.0 = Release|x86
	EndGlobalSection
	GlobalSection(SolutionProperties) = preSolution
		HideSolutionNode = FALSE
	EndGlobalSection
EndGlobal
