
Microsoft Visual Studio Solution File, Format Version 12.00
# Visual Studio 14
VisualStudioVersion = 14.0.25420.1
MinimumVisualStudioVersion = 10.0.40219.1
Project("{FAE04EC0-301F-11D3-BF4B-00C04F79EFBC}") = "Tekcent.Forms.Images", "Tekcent.Forms.Images\Tekcent.Forms.Images\Tekcent.Forms.Images.csproj", "{153E2068-A1E3-47C8-9846-7E84AE1268ED}"
EndProject
Project("{FAE04EC0-301F-11D3-BF4B-00C04F79EFBC}") = "Tekcent.Forms.Images.Droid", "Tekcent.Forms.Images\Tekcent.Forms.Images.Droid\Tekcent.Forms.Images.Droid.csproj", "{CA4927AA-7BCD-462F-9EE9-68CED8D18D0B}"
EndProject
Project("{FAE04EC0-301F-11D3-BF4B-00C04F79EFBC}") = "Tekcent.Forms.Images.iOS", "Tekcent.Forms.Images\Tekcent.Forms.Images.iOS\Tekcent.Forms.Images.iOS.csproj", "{7ADAD80B-D5D7-4F55-B25A-8602F60E473C}"
EndProject
Global
	GlobalSection(SolutionConfigurationPlatforms) = preSolution
		Ad-Hoc|Any CPU = Ad-Hoc|Any CPU
		Ad-Hoc|iPhone = Ad-Hoc|iPhone
		Ad-Hoc|iPhoneSimulator = Ad-Hoc|iPhoneSimulator
		AppStore|Any CPU = AppStore|Any CPU
		AppStore|iPhone = AppStore|iPhone
		AppStore|iPhoneSimulator = AppStore|iPhoneSimulator
		Debug|Any CPU = Debug|Any CPU
		Debug|iPhone = Debug|iPhone
		Debug|iPhoneSimulator = Debug|iPhoneSimulator
		Release|Any CPU = Release|Any CPU
		Release|iPhone = Release|iPhone
		Release|iPhoneSimulator = Release|iPhoneSimulator
	EndGlobalSection
	GlobalSection(ProjectConfigurationPlatforms) = postSolution
		{153E2068-A1E3-47C8-9846-7E84AE1268ED}.Ad-Hoc|Any CPU.ActiveCfg = Release|Any CPU
		{153E2068-A1E3-47C8-9846-7E84AE1268ED}.Ad-Hoc|Any CPU.Build.0 = Release|Any CPU
		{153E2068-A1E3-47C8-9846-7E84AE1268ED}.Ad-Hoc|iPhone.ActiveCfg = Release|Any CPU
		{153E2068-A1E3-47C8-9846-7E84AE1268ED}.Ad-Hoc|iPhone.Build.0 = Release|Any CPU
		{153E2068-A1E3-47C8-9846-7E84AE1268ED}.Ad-Hoc|iPhoneSimulator.ActiveCfg = Release|Any CPU
		{153E2068-A1E3-47C8-9846-7E84AE1268ED}.Ad-Hoc|iPhoneSimulator.Build.0 = Release|Any CPU
		{153E2068-A1E3-47C8-9846-7E84AE1268ED}.AppStore|Any CPU.ActiveCfg = Release|Any CPU
		{153E2068-A1E3-47C8-9846-7E84AE1268ED}.AppStore|Any CPU.Build.0 = Release|Any CPU
		{153E2068-A1E3-47C8-9846-7E84AE1268ED}.AppStore|iPhone.ActiveCfg = Release|Any CPU
		{153E2068-A1E3-47C8-9846-7E84AE1268ED}.AppStore|iPhone.Build.0 = Release|Any CPU
		{153E2068-A1E3-47C8-9846-7E84AE1268ED}.AppStore|iPhoneSimulator.ActiveCfg = Release|Any CPU
		{153E2068-A1E3-47C8-9846-7E84AE1268ED}.AppStore|iPhoneSimulator.Build.0 = Release|Any CPU
		{153E2068-A1E3-47C8-9846-7E84AE1268ED}.Debug|Any CPU.ActiveCfg = Debug|Any CPU
		{153E2068-A1E3-47C8-9846-7E84AE1268ED}.Debug|Any CPU.Build.0 = Debug|Any CPU
		{153E2068-A1E3-47C8-9846-7E84AE1268ED}.Debug|iPhone.ActiveCfg = Debug|Any CPU
		{153E2068-A1E3-47C8-9846-7E84AE1268ED}.Debug|iPhone.Build.0 = Debug|Any CPU
		{153E2068-A1E3-47C8-9846-7E84AE1268ED}.Debug|iPhoneSimulator.ActiveCfg = Debug|Any CPU
		{153E2068-A1E3-47C8-9846-7E84AE1268ED}.Debug|iPhoneSimulator.Build.0 = Debug|Any CPU
		{153E2068-A1E3-47C8-9846-7E84AE1268ED}.Release|Any CPU.ActiveCfg = Release|Any CPU
		{153E2068-A1E3-47C8-9846-7E84AE1268ED}.Release|Any CPU.Build.0 = Release|Any CPU
		{153E2068-A1E3-47C8-9846-7E84AE1268ED}.Release|iPhone.ActiveCfg = Release|Any CPU
		{153E2068-A1E3-47C8-9846-7E84AE1268ED}.Release|iPhone.Build.0 = Release|Any CPU
		{153E2068-A1E3-47C8-9846-7E84AE1268ED}.Release|iPhoneSimulator.ActiveCfg = Release|Any CPU
		{153E2068-A1E3-47C8-9846-7E84AE1268ED}.Release|iPhoneSimulator.Build.0 = Release|Any CPU
		{CA4927AA-7BCD-462F-9EE9-68CED8D18D0B}.Ad-Hoc|Any CPU.ActiveCfg = Release|Any CPU
		{CA4927AA-7BCD-462F-9EE9-68CED8D18D0B}.Ad-Hoc|Any CPU.Build.0 = Release|Any CPU
		{CA4927AA-7BCD-462F-9EE9-68CED8D18D0B}.Ad-Hoc|Any CPU.Deploy.0 = Release|Any CPU
		{CA4927AA-7BCD-462F-9EE9-68CED8D18D0B}.Ad-Hoc|iPhone.ActiveCfg = Release|Any CPU
		{CA4927AA-7BCD-462F-9EE9-68CED8D18D0B}.Ad-Hoc|iPhone.Build.0 = Release|Any CPU
		{CA4927AA-7BCD-462F-9EE9-68CED8D18D0B}.Ad-Hoc|iPhone.Deploy.0 = Release|Any CPU
		{CA4927AA-7BCD-462F-9EE9-68CED8D18D0B}.Ad-Hoc|iPhoneSimulator.ActiveCfg = Release|Any CPU
		{CA4927AA-7BCD-462F-9EE9-68CED8D18D0B}.Ad-Hoc|iPhoneSimulator.Build.0 = Release|Any CPU
		{CA4927AA-7BCD-462F-9EE9-68CED8D18D0B}.Ad-Hoc|iPhoneSimulator.Deploy.0 = Release|Any CPU
		{CA4927AA-7BCD-462F-9EE9-68CED8D18D0B}.AppStore|Any CPU.ActiveCfg = Release|Any CPU
		{CA4927AA-7BCD-462F-9EE9-68CED8D18D0B}.AppStore|Any CPU.Build.0 = Release|Any CPU
		{CA4927AA-7BCD-462F-9EE9-68CED8D18D0B}.AppStore|Any CPU.Deploy.0 = Release|Any CPU
		{CA4927AA-7BCD-462F-9EE9-68CED8D18D0B}.AppStore|iPhone.ActiveCfg = Release|Any CPU
		{CA4927AA-7BCD-462F-9EE9-68CED8D18D0B}.AppStore|iPhone.Build.0 = Release|Any CPU
		{CA4927AA-7BCD-462F-9EE9-68CED8D18D0B}.AppStore|iPhone.Deploy.0 = Release|Any CPU
		{CA4927AA-7BCD-462F-9EE9-68CED8D18D0B}.AppStore|iPhoneSimulator.ActiveCfg = Release|Any CPU
		{CA4927AA-7BCD-462F-9EE9-68CED8D18D0B}.AppStore|iPhoneSimulator.Build.0 = Release|Any CPU
		{CA4927AA-7BCD-462F-9EE9-68CED8D18D0B}.AppStore|iPhoneSimulator.Deploy.0 = Release|Any CPU
		{CA4927AA-7BCD-462F-9EE9-68CED8D18D0B}.Debug|Any CPU.ActiveCfg = Debug|Any CPU
		{CA4927AA-7BCD-462F-9EE9-68CED8D18D0B}.Debug|Any CPU.Build.0 = Debug|Any CPU
		{CA4927AA-7BCD-462F-9EE9-68CED8D18D0B}.Debug|Any CPU.Deploy.0 = Debug|Any CPU
		{CA4927AA-7BCD-462F-9EE9-68CED8D18D0B}.Debug|iPhone.ActiveCfg = Debug|Any CPU
		{CA4927AA-7BCD-462F-9EE9-68CED8D18D0B}.Debug|iPhone.Build.0 = Debug|Any CPU
		{CA4927AA-7BCD-462F-9EE9-68CED8D18D0B}.Debug|iPhone.Deploy.0 = Debug|Any CPU
		{CA4927AA-7BCD-462F-9EE9-68CED8D18D0B}.Debug|iPhoneSimulator.ActiveCfg = Debug|Any CPU
		{CA4927AA-7BCD-462F-9EE9-68CED8D18D0B}.Debug|iPhoneSimulator.Build.0 = Debug|Any CPU
		{CA4927AA-7BCD-462F-9EE9-68CED8D18D0B}.Debug|iPhoneSimulator.Deploy.0 = Debug|Any CPU
		{CA4927AA-7BCD-462F-9EE9-68CED8D18D0B}.Release|Any CPU.ActiveCfg = Release|Any CPU
		{CA4927AA-7BCD-462F-9EE9-68CED8D18D0B}.Release|Any CPU.Build.0 = Release|Any CPU
		{CA4927AA-7BCD-462F-9EE9-68CED8D18D0B}.Release|Any CPU.Deploy.0 = Release|Any CPU
		{CA4927AA-7BCD-462F-9EE9-68CED8D18D0B}.Release|iPhone.ActiveCfg = Release|Any CPU
		{CA4927AA-7BCD-462F-9EE9-68CED8D18D0B}.Release|iPhone.Build.0 = Release|Any CPU
		{CA4927AA-7BCD-462F-9EE9-68CED8D18D0B}.Release|iPhone.Deploy.0 = Release|Any CPU
		{CA4927AA-7BCD-462F-9EE9-68CED8D18D0B}.Release|iPhoneSimulator.ActiveCfg = Release|Any CPU
		{CA4927AA-7BCD-462F-9EE9-68CED8D18D0B}.Release|iPhoneSimulator.Build.0 = Release|Any CPU
		{CA4927AA-7BCD-462F-9EE9-68CED8D18D0B}.Release|iPhoneSimulator.Deploy.0 = Release|Any CPU
		{7ADAD80B-D5D7-4F55-B25A-8602F60E473C}.Ad-Hoc|Any CPU.ActiveCfg = Ad-Hoc|iPhone
		{7ADAD80B-D5D7-4F55-B25A-8602F60E473C}.Ad-Hoc|iPhone.ActiveCfg = Ad-Hoc|iPhone
		{7ADAD80B-D5D7-4F55-B25A-8602F60E473C}.Ad-Hoc|iPhone.Build.0 = Ad-Hoc|iPhone
		{7ADAD80B-D5D7-4F55-B25A-8602F60E473C}.Ad-Hoc|iPhoneSimulator.ActiveCfg = Ad-Hoc|iPhoneSimulator
		{7ADAD80B-D5D7-4F55-B25A-8602F60E473C}.Ad-Hoc|iPhoneSimulator.Build.0 = Ad-Hoc|iPhoneSimulator
		{7ADAD80B-D5D7-4F55-B25A-8602F60E473C}.AppStore|Any CPU.ActiveCfg = AppStore|iPhone
		{7ADAD80B-D5D7-4F55-B25A-8602F60E473C}.AppStore|iPhone.ActiveCfg = AppStore|iPhone
		{7ADAD80B-D5D7-4F55-B25A-8602F60E473C}.AppStore|iPhone.Build.0 = AppStore|iPhone
		{7ADAD80B-D5D7-4F55-B25A-8602F60E473C}.AppStore|iPhoneSimulator.ActiveCfg = AppStore|iPhoneSimulator
		{7ADAD80B-D5D7-4F55-B25A-8602F60E473C}.AppStore|iPhoneSimulator.Build.0 = AppStore|iPhoneSimulator
		{7ADAD80B-D5D7-4F55-B25A-8602F60E473C}.Debug|Any CPU.ActiveCfg = Debug|iPhone
		{7ADAD80B-D5D7-4F55-B25A-8602F60E473C}.Debug|iPhone.ActiveCfg = Debug|iPhone
		{7ADAD80B-D5D7-4F55-B25A-8602F60E473C}.Debug|iPhone.Build.0 = Debug|iPhone
		{7ADAD80B-D5D7-4F55-B25A-8602F60E473C}.Debug|iPhoneSimulator.ActiveCfg = Debug|iPhoneSimulator
		{7ADAD80B-D5D7-4F55-B25A-8602F60E473C}.Debug|iPhoneSimulator.Build.0 = Debug|iPhoneSimulator
		{7ADAD80B-D5D7-4F55-B25A-8602F60E473C}.Release|Any CPU.ActiveCfg = Release|iPhone
		{7ADAD80B-D5D7-4F55-B25A-8602F60E473C}.Release|iPhone.ActiveCfg = Release|iPhone
		{7ADAD80B-D5D7-4F55-B25A-8602F60E473C}.Release|iPhone.Build.0 = Release|iPhone
		{7ADAD80B-D5D7-4F55-B25A-8602F60E473C}.Release|iPhoneSimulator.ActiveCfg = Release|iPhoneSimulator
		{7ADAD80B-D5D7-4F55-B25A-8602F60E473C}.Release|iPhoneSimulator.Build.0 = Release|iPhoneSimulator
	EndGlobalSection
	GlobalSection(SolutionProperties) = preSolution
		HideSolutionNode = FALSE
	EndGlobalSection
EndGlobal
